
Microsoft Visual Studio Solution File, Format Version 12.00
# Visual Studio 14
VisualStudioVersion = 14.0.25420.1
MinimumVisualStudioVersion = 10.0.40219.1
Project("{FAE04EC0-301F-11D3-BF4B-00C04F79EFBC}") = "01. Take Two", "01. Take Two\01. Take Two.csproj", "{1B31F36D-3A3D-4F30-845C-B2342C087F89}"
EndProject
Project("{FAE04EC0-301F-11D3-BF4B-00C04F79EFBC}") = "02. Upper Strings", "02. Upper Strings\02. Upper Strings.csproj", "{37D641A6-6C1C-44A1-A78F-41A3CBA46F4B}"
EndProject
Project("{FAE04EC0-301F-11D3-BF4B-00C04F79EFBC}") = "03. First Name", "03. First Name\03. First Name.csproj", "{ADB66B07-7E06-467F-8859-0FE5291186A9}"
EndProject
Project("{FAE04EC0-301F-11D3-BF4B-00C04F79EFBC}") = "04. Average of Doubles", "04. Average of Doubles\04. Average of Doubles.csproj", "{8FC8E497-B1D7-4C72-98C1-B6A9A64EDBE1}"
EndProject
Project("{FAE04EC0-301F-11D3-BF4B-00C04F79EFBC}") = "05. Min Even Number", "05. Min Even Number\05. Min Even Number.csproj", "{034F1830-F53E-40BC-A7ED-7CE0A6A7C74D}"
EndProject
Project("{FAE04EC0-301F-11D3-BF4B-00C04F79EFBC}") = "06. Find and Sum Integers", "06. Find and Sum Integers\06. Find and Sum Integers.csproj", "{489D5397-EB87-4432-BBAD-CB7AA62E5727}"
EndProject
Project("{FAE04EC0-301F-11D3-BF4B-00C04F79EFBC}") = "07. Bounded Numbers", "07. Bounded Numbers\07. Bounded Numbers.csproj", "{BBF5D3BF-8C2C-41FA-93E6-2F66368B6C08}"
EndProject
Project("{FAE04EC0-301F-11D3-BF4B-00C04F79EFBC}") = "08. Map Districts", "08. Map Districts\08. Map Districts.csproj", "{1904C805-DAC5-4106-9356-1CE7D746DF34}"
EndProject
Global
	GlobalSection(SolutionConfigurationPlatforms) = preSolution
		Debug|Any CPU = Debug|Any CPU
		Release|Any CPU = Release|Any CPU
	EndGlobalSection
	GlobalSection(ProjectConfigurationPlatforms) = postSolution
		{1B31F36D-3A3D-4F30-845C-B2342C087F89}.Debug|Any CPU.ActiveCfg = Debug|Any CPU
		{1B31F36D-3A3D-4F30-845C-B2342C087F89}.Debug|Any CPU.Build.0 = Debug|Any CPU
		{1B31F36D-3A3D-4F30-845C-B2342C087F89}.Release|Any CPU.ActiveCfg = Release|Any CPU
		{1B31F36D-3A3D-4F30-845C-B2342C087F89}.Release|Any CPU.Build.0 = Release|Any CPU
		{37D641A6-6C1C-44A1-A78F-41A3CBA46F4B}.Debug|Any CPU.ActiveCfg = Debug|Any CPU
		{37D641A6-6C1C-44A1-A78F-41A3CBA46F4B}.Debug|Any CPU.Build.0 = Debug|Any CPU
		{37D641A6-6C1C-44A1-A78F-41A3CBA46F4B}.Release|Any CPU.ActiveCfg = Release|Any CPU
		{37D641A6-6C1C-44A1-A78F-41A3CBA46F4B}.Release|Any CPU.Build.0 = Release|Any CPU
		{ADB66B07-7E06-467F-8859-0FE5291186A9}.Debug|Any CPU.ActiveCfg = Debug|Any CPU
		{ADB66B07-7E06-467F-8859-0FE5291186A9}.Debug|Any CPU.Build.0 = Debug|Any CPU
		{ADB66B07-7E06-467F-8859-0FE5291186A9}.Release|Any CPU.ActiveCfg = Release|Any CPU
		{ADB66B07-7E06-467F-8859-0FE5291186A9}.Release|Any CPU.Build.0 = Release|Any CPU
		{8FC8E497-B1D7-4C72-98C1-B6A9A64EDBE1}.Debug|Any CPU.ActiveCfg = Debug|Any CPU
		{8FC8E497-B1D7-4C72-98C1-B6A9A64EDBE1}.Debug|Any CPU.Build.0 = Debug|Any CPU
		{8FC8E497-B1D7-4C72-98C1-B6A9A64EDBE1}.Release|Any CPU.ActiveCfg = Release|Any CPU
		{8FC8E497-B1D7-4C72-98C1-B6A9A64EDBE1}.Release|Any CPU.Build.0 = Release|Any CPU
		{034F1830-F53E-40BC-A7ED-7CE0A6A7C74D}.Debug|Any CPU.ActiveCfg = Debug|Any CPU
		{034F1830-F53E-40BC-A7ED-7CE0A6A7C74D}.Debug|Any CPU.Build.0 = Debug|Any CPU
		{034F1830-F53E-40BC-A7ED-7CE0A6A7C74D}.Release|Any CPU.ActiveCfg = Release|Any CPU
		{034F1830-F53E-40BC-A7ED-7CE0A6A7C74D}.Release|Any CPU.Build.0 = Release|Any CPU
		{489D5397-EB87-4432-BBAD-CB7AA62E5727}.Debug|Any CPU.ActiveCfg = Debug|Any CPU
		{489D5397-EB87-4432-BBAD-CB7AA62E5727}.Debug|Any CPU.Build.0 = Debug|Any CPU
		{489D5397-EB87-4432-BBAD-CB7AA62E5727}.Release|Any CPU.ActiveCfg = Release|Any CPU
		{489D5397-EB87-4432-BBAD-CB7AA62E5727}.Release|Any CPU.Build.0 = Release|Any CPU
		{BBF5D3BF-8C2C-41FA-93E6-2F66368B6C08}.Debug|Any CPU.ActiveCfg = Debug|Any CPU
		{BBF5D3BF-8C2C-41FA-93E6-2F66368B6C08}.Debug|Any CPU.Build.0 = Debug|Any CPU
		{BBF5D3BF-8C2C-41FA-93E6-2F66368B6C08}.Release|Any CPU.ActiveCfg = Release|Any CPU
		{BBF5D3BF-8C2C-41FA-93E6-2F66368B6C08}.Release|Any CPU.Build.0 = Release|Any CPU
		{1904C805-DAC5-4106-9356-1CE7D746DF34}.Debug|Any CPU.ActiveCfg = Debug|Any CPU
		{1904C805-DAC5-4106-9356-1CE7D746DF34}.Debug|Any CPU.Build.0 = Debug|Any CPU
		{1904C805-DAC5-4106-9356-1CE7D746DF34}.Release|Any CPU.ActiveCfg = Release|Any CPU
		{1904C805-DAC5-4106-9356-1CE7D746DF34}.Release|Any CPU.Build.0 = Release|Any CPU
	EndGlobalSection
	GlobalSection(SolutionProperties) = preSolution
		HideSolutionNode = FALSE
	EndGlobalSection
EndGlobal
