
Microsoft Visual Studio Solution File, Format Version 12.00
# Visual Studio 14
VisualStudioVersion = 14.0.25420.1
MinimumVisualStudioVersion = 10.0.40219.1
Project("{FAE04EC0-301F-11D3-BF4B-00C04F79EFBC}") = "practice", "practice\practice.csproj", "{F918230E-0169-4E7B-8192-5A35F4797672}"
EndProject
Project("{FAE04EC0-301F-11D3-BF4B-00C04F79EFBC}") = "01. Odd Lines", "01. Odd Lines\01. Odd Lines.csproj", "{7D5387D0-F1D7-4DE4-BE9D-B590A91A5BA4}"
EndProject
Project("{FAE04EC0-301F-11D3-BF4B-00C04F79EFBC}") = "02. Line Numbers", "02. Line Numbers\02. Line Numbers.csproj", "{B1AFB6A9-E0B4-40FF-9804-233473401AF1}"
EndProject
Project("{FAE04EC0-301F-11D3-BF4B-00C04F79EFBC}") = "03. Word Count", "03. Word Count\03. Word Count.csproj", "{D696D132-007D-46B6-B160-068BF82CF736}"
EndProject
Project("{FAE04EC0-301F-11D3-BF4B-00C04F79EFBC}") = "04. Merge Files", "04. Merge Files\04. Merge Files.csproj", "{A654FFEB-37F9-47B2-9028-C91EF006A1D9}"
EndProject
Project("{FAE04EC0-301F-11D3-BF4B-00C04F79EFBC}") = "05. Folder Size", "05. Folder Size\05. Folder Size.csproj", "{7762A9AE-B554-4F0A-975F-ABF953A66E77}"
EndProject
Global
	GlobalSection(SolutionConfigurationPlatforms) = preSolution
		Debug|Any CPU = Debug|Any CPU
		Release|Any CPU = Release|Any CPU
	EndGlobalSection
	GlobalSection(ProjectConfigurationPlatforms) = postSolution
		{F918230E-0169-4E7B-8192-5A35F4797672}.Debug|Any CPU.ActiveCfg = Debug|Any CPU
		{F918230E-0169-4E7B-8192-5A35F4797672}.Debug|Any CPU.Build.0 = Debug|Any CPU
		{F918230E-0169-4E7B-8192-5A35F4797672}.Release|Any CPU.ActiveCfg = Release|Any CPU
		{F918230E-0169-4E7B-8192-5A35F4797672}.Release|Any CPU.Build.0 = Release|Any CPU
		{7D5387D0-F1D7-4DE4-BE9D-B590A91A5BA4}.Debug|Any CPU.ActiveCfg = Debug|Any CPU
		{7D5387D0-F1D7-4DE4-BE9D-B590A91A5BA4}.Debug|Any CPU.Build.0 = Debug|Any CPU
		{7D5387D0-F1D7-4DE4-BE9D-B590A91A5BA4}.Release|Any CPU.ActiveCfg = Release|Any CPU
		{7D5387D0-F1D7-4DE4-BE9D-B590A91A5BA4}.Release|Any CPU.Build.0 = Release|Any CPU
		{B1AFB6A9-E0B4-40FF-9804-233473401AF1}.Debug|Any CPU.ActiveCfg = Debug|Any CPU
		{B1AFB6A9-E0B4-40FF-9804-233473401AF1}.Debug|Any CPU.Build.0 = Debug|Any CPU
		{B1AFB6A9-E0B4-40FF-9804-233473401AF1}.Release|Any CPU.ActiveCfg = Release|Any CPU
		{B1AFB6A9-E0B4-40FF-9804-233473401AF1}.Release|Any CPU.Build.0 = Release|Any CPU
		{D696D132-007D-46B6-B160-068BF82CF736}.Debug|Any CPU.ActiveCfg = Debug|Any CPU
		{D696D132-007D-46B6-B160-068BF82CF736}.Debug|Any CPU.Build.0 = Debug|Any CPU
		{D696D132-007D-46B6-B160-068BF82CF736}.Release|Any CPU.ActiveCfg = Release|Any CPU
		{D696D132-007D-46B6-B160-068BF82CF736}.Release|Any CPU.Build.0 = Release|Any CPU
		{A654FFEB-37F9-47B2-9028-C91EF006A1D9}.Debug|Any CPU.ActiveCfg = Debug|Any CPU
		{A654FFEB-37F9-47B2-9028-C91EF006A1D9}.Debug|Any CPU.Build.0 = Debug|Any CPU
		{A654FFEB-37F9-47B2-9028-C91EF006A1D9}.Release|Any CPU.ActiveCfg = Release|Any CPU
		{A654FFEB-37F9-47B2-9028-C91EF006A1D9}.Release|Any CPU.Build.0 = Release|Any CPU
		{7762A9AE-B554-4F0A-975F-ABF953A66E77}.Debug|Any CPU.ActiveCfg = Debug|Any CPU
		{7762A9AE-B554-4F0A-975F-ABF953A66E77}.Debug|Any CPU.Build.0 = Debug|Any CPU
		{7762A9AE-B554-4F0A-975F-ABF953A66E77}.Release|Any CPU.ActiveCfg = Release|Any CPU
		{7762A9AE-B554-4F0A-975F-ABF953A66E77}.Release|Any CPU.Build.0 = Release|Any CPU
	EndGlobalSection
	GlobalSection(SolutionProperties) = preSolution
		HideSolutionNode = FALSE
	EndGlobalSection
EndGlobal
