
Microsoft Visual Studio Solution File, Format Version 12.00
# Visual Studio 14
VisualStudioVersion = 14.0.25420.1
MinimumVisualStudioVersion = 10.0.40219.1
Project("{FAE04EC0-301F-11D3-BF4B-00C04F79EFBC}") = "01. Distinct List", "01. Distinct List\01. Distinct List.csproj", "{82F55282-4099-482F-A57C-43E1895B7EEF}"
EndProject
Project("{FAE04EC0-301F-11D3-BF4B-00C04F79EFBC}") = "02. Integer Insertion", "02. Integer Insertion\02. Integer Insertion.csproj", "{91C26F45-6E39-4000-94F9-B61EE02358E0}"
EndProject
Project("{FAE04EC0-301F-11D3-BF4B-00C04F79EFBC}") = "03. Camel's Back", "03. Camel's Back\03. Camel's Back.csproj", "{A142AE2A-FD6C-484A-85AC-0C9377D2317B}"
EndProject
Project("{FAE04EC0-301F-11D3-BF4B-00C04F79EFBC}") = "04. Ununion Lists", "04. Ununion Lists\04. Ununion Lists.csproj", "{319317A3-C256-44B1-A49A-C518CC8D79D8}"
EndProject
Project("{FAE04EC0-301F-11D3-BF4B-00C04F79EFBC}") = "05. Note Statistics", "05. Note Statistics\05. Note Statistics.csproj", "{70BBA59F-638B-4860-96E3-E09951EBF4E5}"
EndProject
Project("{FAE04EC0-301F-11D3-BF4B-00C04F79EFBC}") = "06. Winecraft", "06. Winecraft\06. Winecraft.csproj", "{97171209-D88B-484A-9062-B498ADC5E45E}"
EndProject
Global
	GlobalSection(SolutionConfigurationPlatforms) = preSolution
		Debug|Any CPU = Debug|Any CPU
		Release|Any CPU = Release|Any CPU
	EndGlobalSection
	GlobalSection(ProjectConfigurationPlatforms) = postSolution
		{82F55282-4099-482F-A57C-43E1895B7EEF}.Debug|Any CPU.ActiveCfg = Debug|Any CPU
		{82F55282-4099-482F-A57C-43E1895B7EEF}.Debug|Any CPU.Build.0 = Debug|Any CPU
		{82F55282-4099-482F-A57C-43E1895B7EEF}.Release|Any CPU.ActiveCfg = Release|Any CPU
		{82F55282-4099-482F-A57C-43E1895B7EEF}.Release|Any CPU.Build.0 = Release|Any CPU
		{91C26F45-6E39-4000-94F9-B61EE02358E0}.Debug|Any CPU.ActiveCfg = Debug|Any CPU
		{91C26F45-6E39-4000-94F9-B61EE02358E0}.Debug|Any CPU.Build.0 = Debug|Any CPU
		{91C26F45-6E39-4000-94F9-B61EE02358E0}.Release|Any CPU.ActiveCfg = Release|Any CPU
		{91C26F45-6E39-4000-94F9-B61EE02358E0}.Release|Any CPU.Build.0 = Release|Any CPU
		{A142AE2A-FD6C-484A-85AC-0C9377D2317B}.Debug|Any CPU.ActiveCfg = Debug|Any CPU
		{A142AE2A-FD6C-484A-85AC-0C9377D2317B}.Debug|Any CPU.Build.0 = Debug|Any CPU
		{A142AE2A-FD6C-484A-85AC-0C9377D2317B}.Release|Any CPU.ActiveCfg = Release|Any CPU
		{A142AE2A-FD6C-484A-85AC-0C9377D2317B}.Release|Any CPU.Build.0 = Release|Any CPU
		{319317A3-C256-44B1-A49A-C518CC8D79D8}.Debug|Any CPU.ActiveCfg = Debug|Any CPU
		{319317A3-C256-44B1-A49A-C518CC8D79D8}.Debug|Any CPU.Build.0 = Debug|Any CPU
		{319317A3-C256-44B1-A49A-C518CC8D79D8}.Release|Any CPU.ActiveCfg = Release|Any CPU
		{319317A3-C256-44B1-A49A-C518CC8D79D8}.Release|Any CPU.Build.0 = Release|Any CPU
		{70BBA59F-638B-4860-96E3-E09951EBF4E5}.Debug|Any CPU.ActiveCfg = Debug|Any CPU
		{70BBA59F-638B-4860-96E3-E09951EBF4E5}.Debug|Any CPU.Build.0 = Debug|Any CPU
		{70BBA59F-638B-4860-96E3-E09951EBF4E5}.Release|Any CPU.ActiveCfg = Release|Any CPU
		{70BBA59F-638B-4860-96E3-E09951EBF4E5}.Release|Any CPU.Build.0 = Release|Any CPU
		{97171209-D88B-484A-9062-B498ADC5E45E}.Debug|Any CPU.ActiveCfg = Debug|Any CPU
		{97171209-D88B-484A-9062-B498ADC5E45E}.Debug|Any CPU.Build.0 = Debug|Any CPU
		{97171209-D88B-484A-9062-B498ADC5E45E}.Release|Any CPU.ActiveCfg = Release|Any CPU
		{97171209-D88B-484A-9062-B498ADC5E45E}.Release|Any CPU.Build.0 = Release|Any CPU
	EndGlobalSection
	GlobalSection(SolutionProperties) = preSolution
		HideSolutionNode = FALSE
	EndGlobalSection
EndGlobal
