
Microsoft Visual Studio Solution File, Format Version 12.00
# Visual Studio 14
VisualStudioVersion = 14.0.25420.1
MinimumVisualStudioVersion = 10.0.40219.1
Project("{FAE04EC0-301F-11D3-BF4B-00C04F79EFBC}") = "01. Sort Even Numbers", "01. Sort Even Numbers\01. Sort Even Numbers.csproj", "{2ECB5950-C65F-4135-8518-E029BB27BB5F}"
EndProject
Project("{FAE04EC0-301F-11D3-BF4B-00C04F79EFBC}") = "02. Sum Numbers", "02. Sum Numbers\02. Sum Numbers.csproj", "{CE0C387D-5DF4-4DFD-AA5B-D95993262C1D}"
EndProject
Project("{FAE04EC0-301F-11D3-BF4B-00C04F79EFBC}") = "03. Count Uppercase Words", "03. Count Uppercase Words\03. Count Uppercase Words.csproj", "{7BA42713-D722-4BD0-BA82-70C5A7BF9969}"
EndProject
Project("{FAE04EC0-301F-11D3-BF4B-00C04F79EFBC}") = "04. Add VAT", "04. Add VAT\04. Add VAT.csproj", "{EBDCC112-9698-4748-A2E4-7B1F8AD99897}"
EndProject
Project("{FAE04EC0-301F-11D3-BF4B-00C04F79EFBC}") = "05. Filter by Age", "05. Filter by Age\05. Filter by Age.csproj", "{267F3828-C499-41BF-B889-D9FF23EF99C9}"
EndProject
Global
	GlobalSection(SolutionConfigurationPlatforms) = preSolution
		Debug|Any CPU = Debug|Any CPU
		Release|Any CPU = Release|Any CPU
	EndGlobalSection
	GlobalSection(ProjectConfigurationPlatforms) = postSolution
		{2ECB5950-C65F-4135-8518-E029BB27BB5F}.Debug|Any CPU.ActiveCfg = Debug|Any CPU
		{2ECB5950-C65F-4135-8518-E029BB27BB5F}.Debug|Any CPU.Build.0 = Debug|Any CPU
		{2ECB5950-C65F-4135-8518-E029BB27BB5F}.Release|Any CPU.ActiveCfg = Release|Any CPU
		{2ECB5950-C65F-4135-8518-E029BB27BB5F}.Release|Any CPU.Build.0 = Release|Any CPU
		{CE0C387D-5DF4-4DFD-AA5B-D95993262C1D}.Debug|Any CPU.ActiveCfg = Debug|Any CPU
		{CE0C387D-5DF4-4DFD-AA5B-D95993262C1D}.Debug|Any CPU.Build.0 = Debug|Any CPU
		{CE0C387D-5DF4-4DFD-AA5B-D95993262C1D}.Release|Any CPU.ActiveCfg = Release|Any CPU
		{CE0C387D-5DF4-4DFD-AA5B-D95993262C1D}.Release|Any CPU.Build.0 = Release|Any CPU
		{7BA42713-D722-4BD0-BA82-70C5A7BF9969}.Debug|Any CPU.ActiveCfg = Debug|Any CPU
		{7BA42713-D722-4BD0-BA82-70C5A7BF9969}.Debug|Any CPU.Build.0 = Debug|Any CPU
		{7BA42713-D722-4BD0-BA82-70C5A7BF9969}.Release|Any CPU.ActiveCfg = Release|Any CPU
		{7BA42713-D722-4BD0-BA82-70C5A7BF9969}.Release|Any CPU.Build.0 = Release|Any CPU
		{EBDCC112-9698-4748-A2E4-7B1F8AD99897}.Debug|Any CPU.ActiveCfg = Debug|Any CPU
		{EBDCC112-9698-4748-A2E4-7B1F8AD99897}.Debug|Any CPU.Build.0 = Debug|Any CPU
		{EBDCC112-9698-4748-A2E4-7B1F8AD99897}.Release|Any CPU.ActiveCfg = Release|Any CPU
		{EBDCC112-9698-4748-A2E4-7B1F8AD99897}.Release|Any CPU.Build.0 = Release|Any CPU
		{267F3828-C499-41BF-B889-D9FF23EF99C9}.Debug|Any CPU.ActiveCfg = Debug|Any CPU
		{267F3828-C499-41BF-B889-D9FF23EF99C9}.Debug|Any CPU.Build.0 = Debug|Any CPU
		{267F3828-C499-41BF-B889-D9FF23EF99C9}.Release|Any CPU.ActiveCfg = Release|Any CPU
		{267F3828-C499-41BF-B889-D9FF23EF99C9}.Release|Any CPU.Build.0 = Release|Any CPU
	EndGlobalSection
	GlobalSection(SolutionProperties) = preSolution
		HideSolutionNode = FALSE
	EndGlobalSection
EndGlobal
