
Microsoft Visual Studio Solution File, Format Version 12.00
# Visual Studio 15
VisualStudioVersion = 15.0.27703.2035
MinimumVisualStudioVersion = 10.0.40219.1
Project("{FAE04EC0-301F-11D3-BF4B-00C04F79EFBC}") = "0. Generic Box", "0. Generic Box\0. Generic Box.csproj", "{1458C0F7-2A02-43FD-8953-DE0762177ADB}"
EndProject
Project("{FAE04EC0-301F-11D3-BF4B-00C04F79EFBC}") = "01. Generic Box of String", "01. Generic Box of String\01. Generic Box of String.csproj", "{3EC826C3-7FC1-495E-AE76-2EC69185A6D3}"
EndProject
Project("{FAE04EC0-301F-11D3-BF4B-00C04F79EFBC}") = "02. Generic Box of Integer", "02. Generic Box of Integer\02. Generic Box of Integer.csproj", "{1D0AE621-72A6-4CD9-A473-F37ED554F58D}"
EndProject
Project("{FAE04EC0-301F-11D3-BF4B-00C04F79EFBC}") = "03. Generic Swap Method Strings", "03. Generic Swap Method Strings\03. Generic Swap Method Strings.csproj", "{6F8A3C88-3BCC-4B74-8657-947BAE2A4FFC}"
EndProject
Project("{FAE04EC0-301F-11D3-BF4B-00C04F79EFBC}") = "04. Generic Swap Method Integers", "04. Generic Swap Method Integers\04. Generic Swap Method Integers.csproj", "{DBA470A6-F91C-415E-BE5E-E7A4758DE12F}"
EndProject
Project("{FAE04EC0-301F-11D3-BF4B-00C04F79EFBC}") = "05. Generic Count Method Strings", "05. Generic Count Method Strings\05. Generic Count Method Strings.csproj", "{F80534BB-3E97-4717-9565-71A3223A6262}"
EndProject
Project("{FAE04EC0-301F-11D3-BF4B-00C04F79EFBC}") = "06. Generic Count Method Doubles", "06. Generic Count Method Doubles\06. Generic Count Method Doubles.csproj", "{94AB3FFE-1486-4579-8F61-F21567CEF6EF}"
EndProject
Project("{FAE04EC0-301F-11D3-BF4B-00C04F79EFBC}") = "07. Custom List", "07. Custom List\07. Custom List.csproj", "{F6A2BAEE-52F3-47A4-9506-2D49AA0F65BF}"
EndProject
Project("{FAE04EC0-301F-11D3-BF4B-00C04F79EFBC}") = "08. Custom List Sorter", "08. Custom List Sorter\08. Custom List Sorter.csproj", "{B4A931FF-392B-4DD4-B1AF-ECF766F765CE}"
EndProject
Project("{FAE04EC0-301F-11D3-BF4B-00C04F79EFBC}") = "09. Custom List Iterator", "09. Custom List Iterator\09. Custom List Iterator.csproj", "{C9A69F2E-7310-4547-88AC-DCB1E63D0C8E}"
EndProject
Project("{FAE04EC0-301F-11D3-BF4B-00C04F79EFBC}") = "10. Tuple", "Tuple\10. Tuple.csproj", "{1A330386-8684-471E-BAE8-28338999682B}"
EndProject
Project("{FAE04EC0-301F-11D3-BF4B-00C04F79EFBC}") = "11. Threeuple", "11. Threeuple\11. Threeuple.csproj", "{44CA9E53-011C-42AE-88E2-1AEB1B52D042}"
EndProject
Global
	GlobalSection(SolutionConfigurationPlatforms) = preSolution
		Debug|Any CPU = Debug|Any CPU
		Release|Any CPU = Release|Any CPU
	EndGlobalSection
	GlobalSection(ProjectConfigurationPlatforms) = postSolution
		{1458C0F7-2A02-43FD-8953-DE0762177ADB}.Debug|Any CPU.ActiveCfg = Debug|Any CPU
		{1458C0F7-2A02-43FD-8953-DE0762177ADB}.Debug|Any CPU.Build.0 = Debug|Any CPU
		{1458C0F7-2A02-43FD-8953-DE0762177ADB}.Release|Any CPU.ActiveCfg = Release|Any CPU
		{1458C0F7-2A02-43FD-8953-DE0762177ADB}.Release|Any CPU.Build.0 = Release|Any CPU
		{3EC826C3-7FC1-495E-AE76-2EC69185A6D3}.Debug|Any CPU.ActiveCfg = Debug|Any CPU
		{3EC826C3-7FC1-495E-AE76-2EC69185A6D3}.Debug|Any CPU.Build.0 = Debug|Any CPU
		{3EC826C3-7FC1-495E-AE76-2EC69185A6D3}.Release|Any CPU.ActiveCfg = Release|Any CPU
		{3EC826C3-7FC1-495E-AE76-2EC69185A6D3}.Release|Any CPU.Build.0 = Release|Any CPU
		{1D0AE621-72A6-4CD9-A473-F37ED554F58D}.Debug|Any CPU.ActiveCfg = Debug|Any CPU
		{1D0AE621-72A6-4CD9-A473-F37ED554F58D}.Debug|Any CPU.Build.0 = Debug|Any CPU
		{1D0AE621-72A6-4CD9-A473-F37ED554F58D}.Release|Any CPU.ActiveCfg = Release|Any CPU
		{1D0AE621-72A6-4CD9-A473-F37ED554F58D}.Release|Any CPU.Build.0 = Release|Any CPU
		{6F8A3C88-3BCC-4B74-8657-947BAE2A4FFC}.Debug|Any CPU.ActiveCfg = Debug|Any CPU
		{6F8A3C88-3BCC-4B74-8657-947BAE2A4FFC}.Debug|Any CPU.Build.0 = Debug|Any CPU
		{6F8A3C88-3BCC-4B74-8657-947BAE2A4FFC}.Release|Any CPU.ActiveCfg = Release|Any CPU
		{6F8A3C88-3BCC-4B74-8657-947BAE2A4FFC}.Release|Any CPU.Build.0 = Release|Any CPU
		{DBA470A6-F91C-415E-BE5E-E7A4758DE12F}.Debug|Any CPU.ActiveCfg = Debug|Any CPU
		{DBA470A6-F91C-415E-BE5E-E7A4758DE12F}.Debug|Any CPU.Build.0 = Debug|Any CPU
		{DBA470A6-F91C-415E-BE5E-E7A4758DE12F}.Release|Any CPU.ActiveCfg = Release|Any CPU
		{DBA470A6-F91C-415E-BE5E-E7A4758DE12F}.Release|Any CPU.Build.0 = Release|Any CPU
		{F80534BB-3E97-4717-9565-71A3223A6262}.Debug|Any CPU.ActiveCfg = Debug|Any CPU
		{F80534BB-3E97-4717-9565-71A3223A6262}.Debug|Any CPU.Build.0 = Debug|Any CPU
		{F80534BB-3E97-4717-9565-71A3223A6262}.Release|Any CPU.ActiveCfg = Release|Any CPU
		{F80534BB-3E97-4717-9565-71A3223A6262}.Release|Any CPU.Build.0 = Release|Any CPU
		{94AB3FFE-1486-4579-8F61-F21567CEF6EF}.Debug|Any CPU.ActiveCfg = Debug|Any CPU
		{94AB3FFE-1486-4579-8F61-F21567CEF6EF}.Debug|Any CPU.Build.0 = Debug|Any CPU
		{94AB3FFE-1486-4579-8F61-F21567CEF6EF}.Release|Any CPU.ActiveCfg = Release|Any CPU
		{94AB3FFE-1486-4579-8F61-F21567CEF6EF}.Release|Any CPU.Build.0 = Release|Any CPU
		{F6A2BAEE-52F3-47A4-9506-2D49AA0F65BF}.Debug|Any CPU.ActiveCfg = Debug|Any CPU
		{F6A2BAEE-52F3-47A4-9506-2D49AA0F65BF}.Debug|Any CPU.Build.0 = Debug|Any CPU
		{F6A2BAEE-52F3-47A4-9506-2D49AA0F65BF}.Release|Any CPU.ActiveCfg = Release|Any CPU
		{F6A2BAEE-52F3-47A4-9506-2D49AA0F65BF}.Release|Any CPU.Build.0 = Release|Any CPU
		{B4A931FF-392B-4DD4-B1AF-ECF766F765CE}.Debug|Any CPU.ActiveCfg = Debug|Any CPU
		{B4A931FF-392B-4DD4-B1AF-ECF766F765CE}.Debug|Any CPU.Build.0 = Debug|Any CPU
		{B4A931FF-392B-4DD4-B1AF-ECF766F765CE}.Release|Any CPU.ActiveCfg = Release|Any CPU
		{B4A931FF-392B-4DD4-B1AF-ECF766F765CE}.Release|Any CPU.Build.0 = Release|Any CPU
		{C9A69F2E-7310-4547-88AC-DCB1E63D0C8E}.Debug|Any CPU.ActiveCfg = Debug|Any CPU
		{C9A69F2E-7310-4547-88AC-DCB1E63D0C8E}.Debug|Any CPU.Build.0 = Debug|Any CPU
		{C9A69F2E-7310-4547-88AC-DCB1E63D0C8E}.Release|Any CPU.ActiveCfg = Release|Any CPU
		{C9A69F2E-7310-4547-88AC-DCB1E63D0C8E}.Release|Any CPU.Build.0 = Release|Any CPU
		{1A330386-8684-471E-BAE8-28338999682B}.Debug|Any CPU.ActiveCfg = Debug|Any CPU
		{1A330386-8684-471E-BAE8-28338999682B}.Debug|Any CPU.Build.0 = Debug|Any CPU
		{1A330386-8684-471E-BAE8-28338999682B}.Release|Any CPU.ActiveCfg = Release|Any CPU
		{1A330386-8684-471E-BAE8-28338999682B}.Release|Any CPU.Build.0 = Release|Any CPU
		{44CA9E53-011C-42AE-88E2-1AEB1B52D042}.Debug|Any CPU.ActiveCfg = Debug|Any CPU
		{44CA9E53-011C-42AE-88E2-1AEB1B52D042}.Debug|Any CPU.Build.0 = Debug|Any CPU
		{44CA9E53-011C-42AE-88E2-1AEB1B52D042}.Release|Any CPU.ActiveCfg = Release|Any CPU
		{44CA9E53-011C-42AE-88E2-1AEB1B52D042}.Release|Any CPU.Build.0 = Release|Any CPU
	EndGlobalSection
	GlobalSection(SolutionProperties) = preSolution
		HideSolutionNode = FALSE
	EndGlobalSection
	GlobalSection(ExtensibilityGlobals) = postSolution
		SolutionGuid = {37661E0C-2E8D-42A2-B32B-A2ABED60E420}
	EndGlobalSection
EndGlobal
