
Microsoft Visual Studio Solution File, Format Version 12.00
# Visual Studio 14
VisualStudioVersion = 14.0.25420.1
MinimumVisualStudioVersion = 10.0.40219.1
Project("{FAE04EC0-301F-11D3-BF4B-00C04F79EFBC}") = "02. Nature’s Prophet", "02. Nature’s Prophet\02. Nature’s Prophet.csproj", "{BA72BACF-B98A-485B-A523-2DBF6CB8A801}"
EndProject
Project("{FAE04EC0-301F-11D3-BF4B-00C04F79EFBC}") = "03. NMS", "03. NMS\03. NMS.csproj", "{F5B699D3-5F1D-4257-BB36-E6C2CAA1F6D9}"
EndProject
Project("{FAE04EC0-301F-11D3-BF4B-00C04F79EFBC}") = "04. Ashes of Roses", "04. Ashes of Roses\04. Ashes of Roses.csproj", "{BD77575E-F6F0-4109-ACD8-66583B3AE46C}"
EndProject
Project("{FAE04EC0-301F-11D3-BF4B-00C04F79EFBC}") = "01. Second Nature", "01. Second Nature\01. Second Nature.csproj", "{7A15D6F5-A0B3-400D-9DEA-BE4B0A6006AB}"
EndProject
Global
	GlobalSection(SolutionConfigurationPlatforms) = preSolution
		Debug|Any CPU = Debug|Any CPU
		Release|Any CPU = Release|Any CPU
	EndGlobalSection
	GlobalSection(ProjectConfigurationPlatforms) = postSolution
		{BA72BACF-B98A-485B-A523-2DBF6CB8A801}.Debug|Any CPU.ActiveCfg = Debug|Any CPU
		{BA72BACF-B98A-485B-A523-2DBF6CB8A801}.Debug|Any CPU.Build.0 = Debug|Any CPU
		{BA72BACF-B98A-485B-A523-2DBF6CB8A801}.Release|Any CPU.ActiveCfg = Release|Any CPU
		{BA72BACF-B98A-485B-A523-2DBF6CB8A801}.Release|Any CPU.Build.0 = Release|Any CPU
		{F5B699D3-5F1D-4257-BB36-E6C2CAA1F6D9}.Debug|Any CPU.ActiveCfg = Debug|Any CPU
		{F5B699D3-5F1D-4257-BB36-E6C2CAA1F6D9}.Debug|Any CPU.Build.0 = Debug|Any CPU
		{F5B699D3-5F1D-4257-BB36-E6C2CAA1F6D9}.Release|Any CPU.ActiveCfg = Release|Any CPU
		{F5B699D3-5F1D-4257-BB36-E6C2CAA1F6D9}.Release|Any CPU.Build.0 = Release|Any CPU
		{BD77575E-F6F0-4109-ACD8-66583B3AE46C}.Debug|Any CPU.ActiveCfg = Debug|Any CPU
		{BD77575E-F6F0-4109-ACD8-66583B3AE46C}.Debug|Any CPU.Build.0 = Debug|Any CPU
		{BD77575E-F6F0-4109-ACD8-66583B3AE46C}.Release|Any CPU.ActiveCfg = Release|Any CPU
		{BD77575E-F6F0-4109-ACD8-66583B3AE46C}.Release|Any CPU.Build.0 = Release|Any CPU
		{7A15D6F5-A0B3-400D-9DEA-BE4B0A6006AB}.Debug|Any CPU.ActiveCfg = Debug|Any CPU
		{7A15D6F5-A0B3-400D-9DEA-BE4B0A6006AB}.Debug|Any CPU.Build.0 = Debug|Any CPU
		{7A15D6F5-A0B3-400D-9DEA-BE4B0A6006AB}.Release|Any CPU.ActiveCfg = Release|Any CPU
		{7A15D6F5-A0B3-400D-9DEA-BE4B0A6006AB}.Release|Any CPU.Build.0 = Release|Any CPU
	EndGlobalSection
	GlobalSection(SolutionProperties) = preSolution
		HideSolutionNode = FALSE
	EndGlobalSection
EndGlobal
