
Microsoft Visual Studio Solution File, Format Version 12.00
# Visual Studio 15
VisualStudioVersion = 15.0.28307.489
MinimumVisualStudioVersion = 10.0.40219.1
Project("{FAE04EC0-301F-11D3-BF4B-00C04F79EFBC}") = "BusTicketsSystem.Models", "BusTicketsSystem.Models\BusTicketsSystem.Models.csproj", "{40AEDD75-8BA7-4819-9E0A-858E26324570}"
EndProject
Project("{FAE04EC0-301F-11D3-BF4B-00C04F79EFBC}") = "BusTicketsSystem.Data", "BusTicketsSystem.Data\BusTicketsSystem.Data.csproj", "{34FC9E69-A5C4-4B00-8B79-C2CA0A8AA007}"
EndProject
Project("{9A19103F-16F7-4668-BE54-9A1E7A4F7556}") = "BusTicketsSystem.Services", "BusTicketSystem.Services\BusTicketsSystem.Services.csproj", "{D2596B3C-B433-4B36-AF78-319E025F44EC}"
EndProject
Project("{FAE04EC0-301F-11D3-BF4B-00C04F79EFBC}") = "BusTicketsSystem.Client", "BusTicketsSystem.Client\BusTicketsSystem.Client.csproj", "{4F82F474-54F1-46B6-94B8-C4611D6B1AAF}"
EndProject
Global
	GlobalSection(SolutionConfigurationPlatforms) = preSolution
		Debug|Any CPU = Debug|Any CPU
		Release|Any CPU = Release|Any CPU
	EndGlobalSection
	GlobalSection(ProjectConfigurationPlatforms) = postSolution
		{40AEDD75-8BA7-4819-9E0A-858E26324570}.Debug|Any CPU.ActiveCfg = Debug|Any CPU
		{40AEDD75-8BA7-4819-9E0A-858E26324570}.Debug|Any CPU.Build.0 = Debug|Any CPU
		{40AEDD75-8BA7-4819-9E0A-858E26324570}.Release|Any CPU.ActiveCfg = Release|Any CPU
		{40AEDD75-8BA7-4819-9E0A-858E26324570}.Release|Any CPU.Build.0 = Release|Any CPU
		{34FC9E69-A5C4-4B00-8B79-C2CA0A8AA007}.Debug|Any CPU.ActiveCfg = Debug|Any CPU
		{34FC9E69-A5C4-4B00-8B79-C2CA0A8AA007}.Debug|Any CPU.Build.0 = Debug|Any CPU
		{34FC9E69-A5C4-4B00-8B79-C2CA0A8AA007}.Release|Any CPU.ActiveCfg = Release|Any CPU
		{34FC9E69-A5C4-4B00-8B79-C2CA0A8AA007}.Release|Any CPU.Build.0 = Release|Any CPU
		{D2596B3C-B433-4B36-AF78-319E025F44EC}.Debug|Any CPU.ActiveCfg = Debug|Any CPU
		{D2596B3C-B433-4B36-AF78-319E025F44EC}.Debug|Any CPU.Build.0 = Debug|Any CPU
		{D2596B3C-B433-4B36-AF78-319E025F44EC}.Release|Any CPU.ActiveCfg = Release|Any CPU
		{D2596B3C-B433-4B36-AF78-319E025F44EC}.Release|Any CPU.Build.0 = Release|Any CPU
		{4F82F474-54F1-46B6-94B8-C4611D6B1AAF}.Debug|Any CPU.ActiveCfg = Debug|Any CPU
		{4F82F474-54F1-46B6-94B8-C4611D6B1AAF}.Debug|Any CPU.Build.0 = Debug|Any CPU
		{4F82F474-54F1-46B6-94B8-C4611D6B1AAF}.Release|Any CPU.ActiveCfg = Release|Any CPU
		{4F82F474-54F1-46B6-94B8-C4611D6B1AAF}.Release|Any CPU.Build.0 = Release|Any CPU
	EndGlobalSection
	GlobalSection(SolutionProperties) = preSolution
		HideSolutionNode = FALSE
	EndGlobalSection
	GlobalSection(ExtensibilityGlobals) = postSolution
		SolutionGuid = {3AFDD45B-C9CF-487C-81BA-BE35CA12C213}
	EndGlobalSection
EndGlobal
