
Microsoft Visual Studio Solution File, Format Version 12.00
# Visual Studio 15
VisualStudioVersion = 15.0.27130.2036
MinimumVisualStudioVersion = 10.0.40219.1
Project("{FAE04EC0-301F-11D3-BF4B-00C04F79EFBC}") = "01. Define a Class Person", "01. Define a Class Person\01. Define a Class Person.csproj", "{AE6D34F0-41D0-4217-92B5-B547D0675EF5}"
EndProject
Project("{FAE04EC0-301F-11D3-BF4B-00C04F79EFBC}") = "02. Creating Constructors", "02. Creating Constructors\02. Creating Constructors.csproj", "{12FF2221-CED3-4382-BF08-7C5D9725CACE}"
EndProject
Project("{FAE04EC0-301F-11D3-BF4B-00C04F79EFBC}") = "04. Opinion Poll", "04. Opinion Poll\04. Opinion Poll.csproj", "{5C4330D3-39D3-482C-B54E-D44C62BF59F8}"
EndProject
Project("{FAE04EC0-301F-11D3-BF4B-00C04F79EFBC}") = "03. Oldest Family Member", "03. Oldest Family Member\03. Oldest Family Member.csproj", "{376FEB5E-605A-4553-9895-1F3DD0C8A22B}"
EndProject
Project("{FAE04EC0-301F-11D3-BF4B-00C04F79EFBC}") = "05. Date Modifier", "05. Date Modifier\05. Date Modifier.csproj", "{6FAAEEFD-D5F1-4112-8CB7-7A1E0A129219}"
EndProject
Project("{FAE04EC0-301F-11D3-BF4B-00C04F79EFBC}") = "06. Company Roster", "06. Company Roster\06. Company Roster.csproj", "{3832E66D-C888-4175-9C02-D3D4AB629175}"
EndProject
Project("{FAE04EC0-301F-11D3-BF4B-00C04F79EFBC}") = "07. Speed Racing", "07. Speed Racing\07. Speed Racing.csproj", "{4DE10182-6F22-4E31-9D4D-817E61F5F9E1}"
EndProject
Project("{FAE04EC0-301F-11D3-BF4B-00C04F79EFBC}") = "08. Raw Data", "08. Raw Data\08. Raw Data.csproj", "{59A554FF-B7B9-4D4B-924D-C5691E7E418B}"
EndProject
Project("{FAE04EC0-301F-11D3-BF4B-00C04F79EFBC}") = "09. Rectangle Intersection", "09. Rectangle Intersection\09. Rectangle Intersection.csproj", "{4C19D97B-4F4D-4DDA-987C-034E4DFDFB31}"
EndProject
Project("{FAE04EC0-301F-11D3-BF4B-00C04F79EFBC}") = "10. Car Salesman", "10. Car Salesman\10. Car Salesman.csproj", "{E70E2768-9379-4329-9461-662A888AB8A8}"
EndProject
Project("{FAE04EC0-301F-11D3-BF4B-00C04F79EFBC}") = "11. Pokemon Trainer", "11. Pokemon Trainer\11. Pokemon Trainer.csproj", "{261E3465-DFE3-4A3D-9889-9C5619ADDFFD}"
EndProject
Project("{FAE04EC0-301F-11D3-BF4B-00C04F79EFBC}") = "12. Google", "12. Google\12. Google.csproj", "{1E1F5CC1-08DE-44EC-BE5B-EAD1EA5FA699}"
EndProject
Project("{FAE04EC0-301F-11D3-BF4B-00C04F79EFBC}") = "13. Family tree", "13. Family tree\13. Family tree.csproj", "{C118EB6B-926F-435F-A4EA-0FA88F679702}"
EndProject
Project("{FAE04EC0-301F-11D3-BF4B-00C04F79EFBC}") = "14. Cat Lady", "14. Cat Lady\14. Cat Lady.csproj", "{94676154-726A-4CA6-9C5C-10EB636B8D73}"
EndProject
Project("{FAE04EC0-301F-11D3-BF4B-00C04F79EFBC}") = "15. Drawing tool", "15. Drawing tool\15. Drawing tool.csproj", "{D8485985-AFF5-4FBB-BE6D-CEB57B433049}"
EndProject
Global
	GlobalSection(SolutionConfigurationPlatforms) = preSolution
		Debug|Any CPU = Debug|Any CPU
		Release|Any CPU = Release|Any CPU
	EndGlobalSection
	GlobalSection(ProjectConfigurationPlatforms) = postSolution
		{AE6D34F0-41D0-4217-92B5-B547D0675EF5}.Debug|Any CPU.ActiveCfg = Debug|Any CPU
		{AE6D34F0-41D0-4217-92B5-B547D0675EF5}.Debug|Any CPU.Build.0 = Debug|Any CPU
		{AE6D34F0-41D0-4217-92B5-B547D0675EF5}.Release|Any CPU.ActiveCfg = Release|Any CPU
		{AE6D34F0-41D0-4217-92B5-B547D0675EF5}.Release|Any CPU.Build.0 = Release|Any CPU
		{12FF2221-CED3-4382-BF08-7C5D9725CACE}.Debug|Any CPU.ActiveCfg = Debug|Any CPU
		{12FF2221-CED3-4382-BF08-7C5D9725CACE}.Debug|Any CPU.Build.0 = Debug|Any CPU
		{12FF2221-CED3-4382-BF08-7C5D9725CACE}.Release|Any CPU.ActiveCfg = Release|Any CPU
		{12FF2221-CED3-4382-BF08-7C5D9725CACE}.Release|Any CPU.Build.0 = Release|Any CPU
		{5C4330D3-39D3-482C-B54E-D44C62BF59F8}.Debug|Any CPU.ActiveCfg = Debug|Any CPU
		{5C4330D3-39D3-482C-B54E-D44C62BF59F8}.Debug|Any CPU.Build.0 = Debug|Any CPU
		{5C4330D3-39D3-482C-B54E-D44C62BF59F8}.Release|Any CPU.ActiveCfg = Release|Any CPU
		{5C4330D3-39D3-482C-B54E-D44C62BF59F8}.Release|Any CPU.Build.0 = Release|Any CPU
		{376FEB5E-605A-4553-9895-1F3DD0C8A22B}.Debug|Any CPU.ActiveCfg = Debug|Any CPU
		{376FEB5E-605A-4553-9895-1F3DD0C8A22B}.Debug|Any CPU.Build.0 = Debug|Any CPU
		{376FEB5E-605A-4553-9895-1F3DD0C8A22B}.Release|Any CPU.ActiveCfg = Release|Any CPU
		{376FEB5E-605A-4553-9895-1F3DD0C8A22B}.Release|Any CPU.Build.0 = Release|Any CPU
		{6FAAEEFD-D5F1-4112-8CB7-7A1E0A129219}.Debug|Any CPU.ActiveCfg = Debug|Any CPU
		{6FAAEEFD-D5F1-4112-8CB7-7A1E0A129219}.Debug|Any CPU.Build.0 = Debug|Any CPU
		{6FAAEEFD-D5F1-4112-8CB7-7A1E0A129219}.Release|Any CPU.ActiveCfg = Release|Any CPU
		{6FAAEEFD-D5F1-4112-8CB7-7A1E0A129219}.Release|Any CPU.Build.0 = Release|Any CPU
		{3832E66D-C888-4175-9C02-D3D4AB629175}.Debug|Any CPU.ActiveCfg = Debug|Any CPU
		{3832E66D-C888-4175-9C02-D3D4AB629175}.Debug|Any CPU.Build.0 = Debug|Any CPU
		{3832E66D-C888-4175-9C02-D3D4AB629175}.Release|Any CPU.ActiveCfg = Release|Any CPU
		{3832E66D-C888-4175-9C02-D3D4AB629175}.Release|Any CPU.Build.0 = Release|Any CPU
		{4DE10182-6F22-4E31-9D4D-817E61F5F9E1}.Debug|Any CPU.ActiveCfg = Debug|Any CPU
		{4DE10182-6F22-4E31-9D4D-817E61F5F9E1}.Debug|Any CPU.Build.0 = Debug|Any CPU
		{4DE10182-6F22-4E31-9D4D-817E61F5F9E1}.Release|Any CPU.ActiveCfg = Release|Any CPU
		{4DE10182-6F22-4E31-9D4D-817E61F5F9E1}.Release|Any CPU.Build.0 = Release|Any CPU
		{59A554FF-B7B9-4D4B-924D-C5691E7E418B}.Debug|Any CPU.ActiveCfg = Debug|Any CPU
		{59A554FF-B7B9-4D4B-924D-C5691E7E418B}.Debug|Any CPU.Build.0 = Debug|Any CPU
		{59A554FF-B7B9-4D4B-924D-C5691E7E418B}.Release|Any CPU.ActiveCfg = Release|Any CPU
		{59A554FF-B7B9-4D4B-924D-C5691E7E418B}.Release|Any CPU.Build.0 = Release|Any CPU
		{4C19D97B-4F4D-4DDA-987C-034E4DFDFB31}.Debug|Any CPU.ActiveCfg = Debug|Any CPU
		{4C19D97B-4F4D-4DDA-987C-034E4DFDFB31}.Debug|Any CPU.Build.0 = Debug|Any CPU
		{4C19D97B-4F4D-4DDA-987C-034E4DFDFB31}.Release|Any CPU.ActiveCfg = Release|Any CPU
		{4C19D97B-4F4D-4DDA-987C-034E4DFDFB31}.Release|Any CPU.Build.0 = Release|Any CPU
		{E70E2768-9379-4329-9461-662A888AB8A8}.Debug|Any CPU.ActiveCfg = Debug|Any CPU
		{E70E2768-9379-4329-9461-662A888AB8A8}.Debug|Any CPU.Build.0 = Debug|Any CPU
		{E70E2768-9379-4329-9461-662A888AB8A8}.Release|Any CPU.ActiveCfg = Release|Any CPU
		{E70E2768-9379-4329-9461-662A888AB8A8}.Release|Any CPU.Build.0 = Release|Any CPU
		{261E3465-DFE3-4A3D-9889-9C5619ADDFFD}.Debug|Any CPU.ActiveCfg = Debug|Any CPU
		{261E3465-DFE3-4A3D-9889-9C5619ADDFFD}.Debug|Any CPU.Build.0 = Debug|Any CPU
		{261E3465-DFE3-4A3D-9889-9C5619ADDFFD}.Release|Any CPU.ActiveCfg = Release|Any CPU
		{261E3465-DFE3-4A3D-9889-9C5619ADDFFD}.Release|Any CPU.Build.0 = Release|Any CPU
		{1E1F5CC1-08DE-44EC-BE5B-EAD1EA5FA699}.Debug|Any CPU.ActiveCfg = Debug|Any CPU
		{1E1F5CC1-08DE-44EC-BE5B-EAD1EA5FA699}.Debug|Any CPU.Build.0 = Debug|Any CPU
		{1E1F5CC1-08DE-44EC-BE5B-EAD1EA5FA699}.Release|Any CPU.ActiveCfg = Release|Any CPU
		{1E1F5CC1-08DE-44EC-BE5B-EAD1EA5FA699}.Release|Any CPU.Build.0 = Release|Any CPU
		{C118EB6B-926F-435F-A4EA-0FA88F679702}.Debug|Any CPU.ActiveCfg = Debug|Any CPU
		{C118EB6B-926F-435F-A4EA-0FA88F679702}.Debug|Any CPU.Build.0 = Debug|Any CPU
		{C118EB6B-926F-435F-A4EA-0FA88F679702}.Release|Any CPU.ActiveCfg = Release|Any CPU
		{C118EB6B-926F-435F-A4EA-0FA88F679702}.Release|Any CPU.Build.0 = Release|Any CPU
		{94676154-726A-4CA6-9C5C-10EB636B8D73}.Debug|Any CPU.ActiveCfg = Debug|Any CPU
		{94676154-726A-4CA6-9C5C-10EB636B8D73}.Debug|Any CPU.Build.0 = Debug|Any CPU
		{94676154-726A-4CA6-9C5C-10EB636B8D73}.Release|Any CPU.ActiveCfg = Release|Any CPU
		{94676154-726A-4CA6-9C5C-10EB636B8D73}.Release|Any CPU.Build.0 = Release|Any CPU
		{D8485985-AFF5-4FBB-BE6D-CEB57B433049}.Debug|Any CPU.ActiveCfg = Debug|Any CPU
		{D8485985-AFF5-4FBB-BE6D-CEB57B433049}.Debug|Any CPU.Build.0 = Debug|Any CPU
		{D8485985-AFF5-4FBB-BE6D-CEB57B433049}.Release|Any CPU.ActiveCfg = Release|Any CPU
		{D8485985-AFF5-4FBB-BE6D-CEB57B433049}.Release|Any CPU.Build.0 = Release|Any CPU
	EndGlobalSection
	GlobalSection(SolutionProperties) = preSolution
		HideSolutionNode = FALSE
	EndGlobalSection
	GlobalSection(ExtensibilityGlobals) = postSolution
		SolutionGuid = {0A1605AC-B18F-475A-93D2-F9965BB7CAA7}
	EndGlobalSection
EndGlobal
