
Microsoft Visual Studio Solution File, Format Version 12.00
# Visual Studio 15
VisualStudioVersion = 15.0.27703.2035
MinimumVisualStudioVersion = 10.0.40219.1
Project("{FAE04EC0-301F-11D3-BF4B-00C04F79EFBC}") = "01. Library", "01. Library\01. Library.csproj", "{C0412A58-955F-4B83-A9FE-1BA1DE5B5425}"
EndProject
Project("{FAE04EC0-301F-11D3-BF4B-00C04F79EFBC}") = "02. Library Iterator", "02. Library Iterator\02. Library Iterator.csproj", "{DCD9EA0E-211C-46EB-BE24-651025542572}"
EndProject
Project("{FAE04EC0-301F-11D3-BF4B-00C04F79EFBC}") = "03. Comparable Book", "03. Comparable Book\03. Comparable Book.csproj", "{3D27E589-50A8-404A-9382-D24BF45E5EE4}"
EndProject
Project("{FAE04EC0-301F-11D3-BF4B-00C04F79EFBC}") = "04. Book Comparator", "04. Book Comparator\04. Book Comparator.csproj", "{1C0C1830-86B5-423C-9D03-E69ED4B7F448}"
EndProject
Global
	GlobalSection(SolutionConfigurationPlatforms) = preSolution
		Debug|Any CPU = Debug|Any CPU
		Release|Any CPU = Release|Any CPU
	EndGlobalSection
	GlobalSection(ProjectConfigurationPlatforms) = postSolution
		{C0412A58-955F-4B83-A9FE-1BA1DE5B5425}.Debug|Any CPU.ActiveCfg = Debug|Any CPU
		{C0412A58-955F-4B83-A9FE-1BA1DE5B5425}.Debug|Any CPU.Build.0 = Debug|Any CPU
		{C0412A58-955F-4B83-A9FE-1BA1DE5B5425}.Release|Any CPU.ActiveCfg = Release|Any CPU
		{C0412A58-955F-4B83-A9FE-1BA1DE5B5425}.Release|Any CPU.Build.0 = Release|Any CPU
		{DCD9EA0E-211C-46EB-BE24-651025542572}.Debug|Any CPU.ActiveCfg = Debug|Any CPU
		{DCD9EA0E-211C-46EB-BE24-651025542572}.Debug|Any CPU.Build.0 = Debug|Any CPU
		{DCD9EA0E-211C-46EB-BE24-651025542572}.Release|Any CPU.ActiveCfg = Release|Any CPU
		{DCD9EA0E-211C-46EB-BE24-651025542572}.Release|Any CPU.Build.0 = Release|Any CPU
		{3D27E589-50A8-404A-9382-D24BF45E5EE4}.Debug|Any CPU.ActiveCfg = Debug|Any CPU
		{3D27E589-50A8-404A-9382-D24BF45E5EE4}.Debug|Any CPU.Build.0 = Debug|Any CPU
		{3D27E589-50A8-404A-9382-D24BF45E5EE4}.Release|Any CPU.ActiveCfg = Release|Any CPU
		{3D27E589-50A8-404A-9382-D24BF45E5EE4}.Release|Any CPU.Build.0 = Release|Any CPU
		{1C0C1830-86B5-423C-9D03-E69ED4B7F448}.Debug|Any CPU.ActiveCfg = Debug|Any CPU
		{1C0C1830-86B5-423C-9D03-E69ED4B7F448}.Debug|Any CPU.Build.0 = Debug|Any CPU
		{1C0C1830-86B5-423C-9D03-E69ED4B7F448}.Release|Any CPU.ActiveCfg = Release|Any CPU
		{1C0C1830-86B5-423C-9D03-E69ED4B7F448}.Release|Any CPU.Build.0 = Release|Any CPU
	EndGlobalSection
	GlobalSection(SolutionProperties) = preSolution
		HideSolutionNode = FALSE
	EndGlobalSection
	GlobalSection(ExtensibilityGlobals) = postSolution
		SolutionGuid = {40D4406B-FCB9-4C3B-952E-23B5D19DBDCE}
	EndGlobalSection
EndGlobal
