
Microsoft Visual Studio Solution File, Format Version 12.00
# Visual Studio 14
VisualStudioVersion = 14.0.25420.1
MinimumVisualStudioVersion = 10.0.40219.1
Project("{FAE04EC0-301F-11D3-BF4B-00C04F79EFBC}") = "01. Match Count", "01. Match Count\01. Match Count.csproj", "{93F840A2-F245-4E59-B7A3-8D251C1416AA}"
EndProject
Project("{FAE04EC0-301F-11D3-BF4B-00C04F79EFBC}") = "02. Vowel Count", "02. Vowel Count\02. Vowel Count.csproj", "{55907570-D646-4279-91AE-CEA1262E2304}"
EndProject
Project("{FAE04EC0-301F-11D3-BF4B-00C04F79EFBC}") = "03. Non-Digit Count", "03. Non-Digit Count\03. Non-Digit Count.csproj", "{8ACD7223-C7D6-4DE5-9340-B4545B358FE9}"
EndProject
Project("{FAE04EC0-301F-11D3-BF4B-00C04F79EFBC}") = "04. Extract Integer Numbers", "04. Extract Integer Numbers\04. Extract Integer Numbers.csproj", "{F86E4C2A-A5D0-4D41-A287-9071E0F9EDEB}"
EndProject
Project("{FAE04EC0-301F-11D3-BF4B-00C04F79EFBC}") = "05. Extract Tags", "05. Extract Tags\05. Extract Tags.csproj", "{A8D3CDD2-049E-48B8-A368-A5F0DE7DAEA7}"
EndProject
Project("{FAE04EC0-301F-11D3-BF4B-00C04F79EFBC}") = "06. Valid Usernames", "06. Valid Usernames\06. Valid Usernames.csproj", "{1A74DFF4-567B-49C0-B556-0BC3FC10CBCF}"
EndProject
Project("{FAE04EC0-301F-11D3-BF4B-00C04F79EFBC}") = "07. Valid Time", "07. Valid Time\07. Valid Time.csproj", "{BB031092-5AA8-44D2-B4FB-D965EF7217F9}"
EndProject
Project("{FAE04EC0-301F-11D3-BF4B-00C04F79EFBC}") = "08. Extract Quotations", "08. Extract Quotations\08. Extract Quotations.csproj", "{7484BBAF-42A4-4AB4-BDD0-B0F0F6C439EC}"
EndProject
Global
	GlobalSection(SolutionConfigurationPlatforms) = preSolution
		Debug|Any CPU = Debug|Any CPU
		Release|Any CPU = Release|Any CPU
	EndGlobalSection
	GlobalSection(ProjectConfigurationPlatforms) = postSolution
		{93F840A2-F245-4E59-B7A3-8D251C1416AA}.Debug|Any CPU.ActiveCfg = Debug|Any CPU
		{93F840A2-F245-4E59-B7A3-8D251C1416AA}.Debug|Any CPU.Build.0 = Debug|Any CPU
		{93F840A2-F245-4E59-B7A3-8D251C1416AA}.Release|Any CPU.ActiveCfg = Release|Any CPU
		{93F840A2-F245-4E59-B7A3-8D251C1416AA}.Release|Any CPU.Build.0 = Release|Any CPU
		{55907570-D646-4279-91AE-CEA1262E2304}.Debug|Any CPU.ActiveCfg = Debug|Any CPU
		{55907570-D646-4279-91AE-CEA1262E2304}.Debug|Any CPU.Build.0 = Debug|Any CPU
		{55907570-D646-4279-91AE-CEA1262E2304}.Release|Any CPU.ActiveCfg = Release|Any CPU
		{55907570-D646-4279-91AE-CEA1262E2304}.Release|Any CPU.Build.0 = Release|Any CPU
		{8ACD7223-C7D6-4DE5-9340-B4545B358FE9}.Debug|Any CPU.ActiveCfg = Debug|Any CPU
		{8ACD7223-C7D6-4DE5-9340-B4545B358FE9}.Debug|Any CPU.Build.0 = Debug|Any CPU
		{8ACD7223-C7D6-4DE5-9340-B4545B358FE9}.Release|Any CPU.ActiveCfg = Release|Any CPU
		{8ACD7223-C7D6-4DE5-9340-B4545B358FE9}.Release|Any CPU.Build.0 = Release|Any CPU
		{F86E4C2A-A5D0-4D41-A287-9071E0F9EDEB}.Debug|Any CPU.ActiveCfg = Debug|Any CPU
		{F86E4C2A-A5D0-4D41-A287-9071E0F9EDEB}.Debug|Any CPU.Build.0 = Debug|Any CPU
		{F86E4C2A-A5D0-4D41-A287-9071E0F9EDEB}.Release|Any CPU.ActiveCfg = Release|Any CPU
		{F86E4C2A-A5D0-4D41-A287-9071E0F9EDEB}.Release|Any CPU.Build.0 = Release|Any CPU
		{A8D3CDD2-049E-48B8-A368-A5F0DE7DAEA7}.Debug|Any CPU.ActiveCfg = Debug|Any CPU
		{A8D3CDD2-049E-48B8-A368-A5F0DE7DAEA7}.Debug|Any CPU.Build.0 = Debug|Any CPU
		{A8D3CDD2-049E-48B8-A368-A5F0DE7DAEA7}.Release|Any CPU.ActiveCfg = Release|Any CPU
		{A8D3CDD2-049E-48B8-A368-A5F0DE7DAEA7}.Release|Any CPU.Build.0 = Release|Any CPU
		{1A74DFF4-567B-49C0-B556-0BC3FC10CBCF}.Debug|Any CPU.ActiveCfg = Debug|Any CPU
		{1A74DFF4-567B-49C0-B556-0BC3FC10CBCF}.Debug|Any CPU.Build.0 = Debug|Any CPU
		{1A74DFF4-567B-49C0-B556-0BC3FC10CBCF}.Release|Any CPU.ActiveCfg = Release|Any CPU
		{1A74DFF4-567B-49C0-B556-0BC3FC10CBCF}.Release|Any CPU.Build.0 = Release|Any CPU
		{BB031092-5AA8-44D2-B4FB-D965EF7217F9}.Debug|Any CPU.ActiveCfg = Debug|Any CPU
		{BB031092-5AA8-44D2-B4FB-D965EF7217F9}.Debug|Any CPU.Build.0 = Debug|Any CPU
		{BB031092-5AA8-44D2-B4FB-D965EF7217F9}.Release|Any CPU.ActiveCfg = Release|Any CPU
		{BB031092-5AA8-44D2-B4FB-D965EF7217F9}.Release|Any CPU.Build.0 = Release|Any CPU
		{7484BBAF-42A4-4AB4-BDD0-B0F0F6C439EC}.Debug|Any CPU.ActiveCfg = Debug|Any CPU
		{7484BBAF-42A4-4AB4-BDD0-B0F0F6C439EC}.Debug|Any CPU.Build.0 = Debug|Any CPU
		{7484BBAF-42A4-4AB4-BDD0-B0F0F6C439EC}.Release|Any CPU.ActiveCfg = Release|Any CPU
		{7484BBAF-42A4-4AB4-BDD0-B0F0F6C439EC}.Release|Any CPU.Build.0 = Release|Any CPU
	EndGlobalSection
	GlobalSection(SolutionProperties) = preSolution
		HideSolutionNode = FALSE
	EndGlobalSection
EndGlobal
