
Microsoft Visual Studio Solution File, Format Version 12.00
# Visual Studio 15
VisualStudioVersion = 15.0.28010.2019
MinimumVisualStudioVersion = 10.0.40219.1
Project("{9A19103F-16F7-4668-BE54-9A1E7A4F7556}") = "01. Initial Setup", "01. Initial Setup\01. Initial Setup.csproj", "{E5BE8442-6BC4-4A64-B99B-D5DB83DC8F67}"
EndProject
Project("{9A19103F-16F7-4668-BE54-9A1E7A4F7556}") = "02. Villain Names", "02. Villain Names\02. Villain Names.csproj", "{8BDFA6C6-967C-4DBB-AB63-DB802C5DC5A7}"
EndProject
Project("{9A19103F-16F7-4668-BE54-9A1E7A4F7556}") = "03. Minion Names", "03. Minion Names\03. Minion Names.csproj", "{D0AA71D8-152C-4D50-8AD5-ED4196065455}"
EndProject
Project("{9A19103F-16F7-4668-BE54-9A1E7A4F7556}") = "04. Add Minion", "04. Add Minion\04. Add Minion.csproj", "{95A9335C-35B4-4BDD-8A9C-E9F1C8183E54}"
EndProject
Project("{9A19103F-16F7-4668-BE54-9A1E7A4F7556}") = "05. Change Town Names Casing", "05. Change Town Names Casing\05. Change Town Names Casing.csproj", "{708F0C42-6145-42E9-B1AF-C44FF8DD47C6}"
EndProject
Project("{9A19103F-16F7-4668-BE54-9A1E7A4F7556}") = "06. Remove Villain", "06. Remove Villain\06. Remove Villain.csproj", "{863AD3C2-C474-4E89-BE40-BD7202115884}"
EndProject
Project("{FAE04EC0-301F-11D3-BF4B-00C04F79EFBC}") = "07. Print All Minion Names", "07. Print All Minion Names\07. Print All Minion Names.csproj", "{9D661530-4B65-4BCC-B7D1-FC4897C4A2D0}"
EndProject
Project("{FAE04EC0-301F-11D3-BF4B-00C04F79EFBC}") = "08. Increase Minions Age", "08. Increase Minions Age\08. Increase Minions Age.csproj", "{F9D9D668-976B-444F-B409-71AAAE202B63}"
EndProject
Project("{FAE04EC0-301F-11D3-BF4B-00C04F79EFBC}") = "09. Increase Age Stored Procedure", "09. Increase Age Stored Procedure\09. Increase Age Stored Procedure.csproj", "{3EB47FFC-3C0D-4B84-BED9-68EA334A5534}"
EndProject
Global
	GlobalSection(SolutionConfigurationPlatforms) = preSolution
		Debug|Any CPU = Debug|Any CPU
		Release|Any CPU = Release|Any CPU
	EndGlobalSection
	GlobalSection(ProjectConfigurationPlatforms) = postSolution
		{E5BE8442-6BC4-4A64-B99B-D5DB83DC8F67}.Debug|Any CPU.ActiveCfg = Debug|Any CPU
		{E5BE8442-6BC4-4A64-B99B-D5DB83DC8F67}.Debug|Any CPU.Build.0 = Debug|Any CPU
		{E5BE8442-6BC4-4A64-B99B-D5DB83DC8F67}.Release|Any CPU.ActiveCfg = Release|Any CPU
		{E5BE8442-6BC4-4A64-B99B-D5DB83DC8F67}.Release|Any CPU.Build.0 = Release|Any CPU
		{8BDFA6C6-967C-4DBB-AB63-DB802C5DC5A7}.Debug|Any CPU.ActiveCfg = Debug|Any CPU
		{8BDFA6C6-967C-4DBB-AB63-DB802C5DC5A7}.Debug|Any CPU.Build.0 = Debug|Any CPU
		{8BDFA6C6-967C-4DBB-AB63-DB802C5DC5A7}.Release|Any CPU.ActiveCfg = Release|Any CPU
		{8BDFA6C6-967C-4DBB-AB63-DB802C5DC5A7}.Release|Any CPU.Build.0 = Release|Any CPU
		{D0AA71D8-152C-4D50-8AD5-ED4196065455}.Debug|Any CPU.ActiveCfg = Debug|Any CPU
		{D0AA71D8-152C-4D50-8AD5-ED4196065455}.Debug|Any CPU.Build.0 = Debug|Any CPU
		{D0AA71D8-152C-4D50-8AD5-ED4196065455}.Release|Any CPU.ActiveCfg = Release|Any CPU
		{D0AA71D8-152C-4D50-8AD5-ED4196065455}.Release|Any CPU.Build.0 = Release|Any CPU
		{95A9335C-35B4-4BDD-8A9C-E9F1C8183E54}.Debug|Any CPU.ActiveCfg = Debug|Any CPU
		{95A9335C-35B4-4BDD-8A9C-E9F1C8183E54}.Debug|Any CPU.Build.0 = Debug|Any CPU
		{95A9335C-35B4-4BDD-8A9C-E9F1C8183E54}.Release|Any CPU.ActiveCfg = Release|Any CPU
		{95A9335C-35B4-4BDD-8A9C-E9F1C8183E54}.Release|Any CPU.Build.0 = Release|Any CPU
		{708F0C42-6145-42E9-B1AF-C44FF8DD47C6}.Debug|Any CPU.ActiveCfg = Debug|Any CPU
		{708F0C42-6145-42E9-B1AF-C44FF8DD47C6}.Debug|Any CPU.Build.0 = Debug|Any CPU
		{708F0C42-6145-42E9-B1AF-C44FF8DD47C6}.Release|Any CPU.ActiveCfg = Release|Any CPU
		{708F0C42-6145-42E9-B1AF-C44FF8DD47C6}.Release|Any CPU.Build.0 = Release|Any CPU
		{863AD3C2-C474-4E89-BE40-BD7202115884}.Debug|Any CPU.ActiveCfg = Debug|Any CPU
		{863AD3C2-C474-4E89-BE40-BD7202115884}.Debug|Any CPU.Build.0 = Debug|Any CPU
		{863AD3C2-C474-4E89-BE40-BD7202115884}.Release|Any CPU.ActiveCfg = Release|Any CPU
		{863AD3C2-C474-4E89-BE40-BD7202115884}.Release|Any CPU.Build.0 = Release|Any CPU
		{9D661530-4B65-4BCC-B7D1-FC4897C4A2D0}.Debug|Any CPU.ActiveCfg = Debug|Any CPU
		{9D661530-4B65-4BCC-B7D1-FC4897C4A2D0}.Debug|Any CPU.Build.0 = Debug|Any CPU
		{9D661530-4B65-4BCC-B7D1-FC4897C4A2D0}.Release|Any CPU.ActiveCfg = Release|Any CPU
		{9D661530-4B65-4BCC-B7D1-FC4897C4A2D0}.Release|Any CPU.Build.0 = Release|Any CPU
		{F9D9D668-976B-444F-B409-71AAAE202B63}.Debug|Any CPU.ActiveCfg = Debug|Any CPU
		{F9D9D668-976B-444F-B409-71AAAE202B63}.Debug|Any CPU.Build.0 = Debug|Any CPU
		{F9D9D668-976B-444F-B409-71AAAE202B63}.Release|Any CPU.ActiveCfg = Release|Any CPU
		{F9D9D668-976B-444F-B409-71AAAE202B63}.Release|Any CPU.Build.0 = Release|Any CPU
		{3EB47FFC-3C0D-4B84-BED9-68EA334A5534}.Debug|Any CPU.ActiveCfg = Debug|Any CPU
		{3EB47FFC-3C0D-4B84-BED9-68EA334A5534}.Debug|Any CPU.Build.0 = Debug|Any CPU
		{3EB47FFC-3C0D-4B84-BED9-68EA334A5534}.Release|Any CPU.ActiveCfg = Release|Any CPU
		{3EB47FFC-3C0D-4B84-BED9-68EA334A5534}.Release|Any CPU.Build.0 = Release|Any CPU
	EndGlobalSection
	GlobalSection(SolutionProperties) = preSolution
		HideSolutionNode = FALSE
	EndGlobalSection
	GlobalSection(ExtensibilityGlobals) = postSolution
		SolutionGuid = {43E6B8CA-81E0-4BFE-A7CA-B539F2BCB4D4}
	EndGlobalSection
EndGlobal
