
Microsoft Visual Studio Solution File, Format Version 12.00
# Visual Studio 14
VisualStudioVersion = 14.0.25420.1
MinimumVisualStudioVersion = 10.0.40219.1
Project("{FAE04EC0-301F-11D3-BF4B-00C04F79EFBC}") = "01. Jedi Meditation", "01. Jedi Meditation\01. Jedi Meditation.csproj", "{D83F7CD6-E101-459D-8C42-C5F0148E7128}"
EndProject
Project("{FAE04EC0-301F-11D3-BF4B-00C04F79EFBC}") = "02. Jedi Galaxy", "02. Jedi Galaxy\02. Jedi Galaxy.csproj", "{AE694033-4E13-48F2-B878-D65FAD0F7DCA}"
EndProject
Project("{FAE04EC0-301F-11D3-BF4B-00C04F79EFBC}") = "04. Jedi Dreams", "04. Jedi Dreams\04. Jedi Dreams.csproj", "{75248172-A3F3-4D5B-82B3-69BA5FDA0FAE}"
EndProject
Project("{FAE04EC0-301F-11D3-BF4B-00C04F79EFBC}") = "03. Jedi Code-X", "03. Jedi Code-X\03. Jedi Code-X.csproj", "{666F4DEF-86C9-4CDF-B05E-760F9ABC1AA9}"
EndProject
Global
	GlobalSection(SolutionConfigurationPlatforms) = preSolution
		Debug|Any CPU = Debug|Any CPU
		Release|Any CPU = Release|Any CPU
	EndGlobalSection
	GlobalSection(ProjectConfigurationPlatforms) = postSolution
		{D83F7CD6-E101-459D-8C42-C5F0148E7128}.Debug|Any CPU.ActiveCfg = Debug|Any CPU
		{D83F7CD6-E101-459D-8C42-C5F0148E7128}.Debug|Any CPU.Build.0 = Debug|Any CPU
		{D83F7CD6-E101-459D-8C42-C5F0148E7128}.Release|Any CPU.ActiveCfg = Release|Any CPU
		{D83F7CD6-E101-459D-8C42-C5F0148E7128}.Release|Any CPU.Build.0 = Release|Any CPU
		{AE694033-4E13-48F2-B878-D65FAD0F7DCA}.Debug|Any CPU.ActiveCfg = Debug|Any CPU
		{AE694033-4E13-48F2-B878-D65FAD0F7DCA}.Debug|Any CPU.Build.0 = Debug|Any CPU
		{AE694033-4E13-48F2-B878-D65FAD0F7DCA}.Release|Any CPU.ActiveCfg = Release|Any CPU
		{AE694033-4E13-48F2-B878-D65FAD0F7DCA}.Release|Any CPU.Build.0 = Release|Any CPU
		{75248172-A3F3-4D5B-82B3-69BA5FDA0FAE}.Debug|Any CPU.ActiveCfg = Debug|Any CPU
		{75248172-A3F3-4D5B-82B3-69BA5FDA0FAE}.Debug|Any CPU.Build.0 = Debug|Any CPU
		{75248172-A3F3-4D5B-82B3-69BA5FDA0FAE}.Release|Any CPU.ActiveCfg = Release|Any CPU
		{75248172-A3F3-4D5B-82B3-69BA5FDA0FAE}.Release|Any CPU.Build.0 = Release|Any CPU
		{666F4DEF-86C9-4CDF-B05E-760F9ABC1AA9}.Debug|Any CPU.ActiveCfg = Debug|Any CPU
		{666F4DEF-86C9-4CDF-B05E-760F9ABC1AA9}.Debug|Any CPU.Build.0 = Debug|Any CPU
		{666F4DEF-86C9-4CDF-B05E-760F9ABC1AA9}.Release|Any CPU.ActiveCfg = Release|Any CPU
		{666F4DEF-86C9-4CDF-B05E-760F9ABC1AA9}.Release|Any CPU.Build.0 = Release|Any CPU
	EndGlobalSection
	GlobalSection(SolutionProperties) = preSolution
		HideSolutionNode = FALSE
	EndGlobalSection
EndGlobal
