
Microsoft Visual Studio Solution File, Format Version 12.00
# Visual Studio 15
VisualStudioVersion = 15.0.27130.2027
MinimumVisualStudioVersion = 10.0.40219.1
Project("{9A19103F-16F7-4668-BE54-9A1E7A4F7556}") = "practice", "practice\practice.csproj", "{2240B357-8C70-4A22-9FC0-F8F12C598633}"
EndProject
Project("{FAE04EC0-301F-11D3-BF4B-00C04F79EFBC}") = "01. Bank Account", "01. Bank Account\01. Bank Account.csproj", "{A34722F2-A07D-49A1-8733-088C5EED20E3}"
EndProject
Project("{FAE04EC0-301F-11D3-BF4B-00C04F79EFBC}") = "02. Bank Account Methods", "02. Bank Account Methods\02. Bank Account Methods.csproj", "{E13BE566-BF7C-4781-B2FC-3518259E2113}"
EndProject
Project("{FAE04EC0-301F-11D3-BF4B-00C04F79EFBC}") = "03. Test Client", "03. Test Client\03. Test Client.csproj", "{4E6380F9-910A-4EC1-8B0C-253329D51876}"
EndProject
Project("{FAE04EC0-301F-11D3-BF4B-00C04F79EFBC}") = "04. Person Class", "04. Person Class\04. Person Class.csproj", "{09DFD4E7-A6E7-418A-B4A2-31B097081A7D}"
EndProject
Global
	GlobalSection(SolutionConfigurationPlatforms) = preSolution
		Debug|Any CPU = Debug|Any CPU
		Release|Any CPU = Release|Any CPU
	EndGlobalSection
	GlobalSection(ProjectConfigurationPlatforms) = postSolution
		{2240B357-8C70-4A22-9FC0-F8F12C598633}.Debug|Any CPU.ActiveCfg = Debug|Any CPU
		{2240B357-8C70-4A22-9FC0-F8F12C598633}.Debug|Any CPU.Build.0 = Debug|Any CPU
		{2240B357-8C70-4A22-9FC0-F8F12C598633}.Release|Any CPU.ActiveCfg = Release|Any CPU
		{2240B357-8C70-4A22-9FC0-F8F12C598633}.Release|Any CPU.Build.0 = Release|Any CPU
		{A34722F2-A07D-49A1-8733-088C5EED20E3}.Debug|Any CPU.ActiveCfg = Debug|Any CPU
		{A34722F2-A07D-49A1-8733-088C5EED20E3}.Debug|Any CPU.Build.0 = Debug|Any CPU
		{A34722F2-A07D-49A1-8733-088C5EED20E3}.Release|Any CPU.ActiveCfg = Release|Any CPU
		{A34722F2-A07D-49A1-8733-088C5EED20E3}.Release|Any CPU.Build.0 = Release|Any CPU
		{E13BE566-BF7C-4781-B2FC-3518259E2113}.Debug|Any CPU.ActiveCfg = Debug|Any CPU
		{E13BE566-BF7C-4781-B2FC-3518259E2113}.Debug|Any CPU.Build.0 = Debug|Any CPU
		{E13BE566-BF7C-4781-B2FC-3518259E2113}.Release|Any CPU.ActiveCfg = Release|Any CPU
		{E13BE566-BF7C-4781-B2FC-3518259E2113}.Release|Any CPU.Build.0 = Release|Any CPU
		{4E6380F9-910A-4EC1-8B0C-253329D51876}.Debug|Any CPU.ActiveCfg = Debug|Any CPU
		{4E6380F9-910A-4EC1-8B0C-253329D51876}.Debug|Any CPU.Build.0 = Debug|Any CPU
		{4E6380F9-910A-4EC1-8B0C-253329D51876}.Release|Any CPU.ActiveCfg = Release|Any CPU
		{4E6380F9-910A-4EC1-8B0C-253329D51876}.Release|Any CPU.Build.0 = Release|Any CPU
		{09DFD4E7-A6E7-418A-B4A2-31B097081A7D}.Debug|Any CPU.ActiveCfg = Debug|Any CPU
		{09DFD4E7-A6E7-418A-B4A2-31B097081A7D}.Debug|Any CPU.Build.0 = Debug|Any CPU
		{09DFD4E7-A6E7-418A-B4A2-31B097081A7D}.Release|Any CPU.ActiveCfg = Release|Any CPU
		{09DFD4E7-A6E7-418A-B4A2-31B097081A7D}.Release|Any CPU.Build.0 = Release|Any CPU
	EndGlobalSection
	GlobalSection(SolutionProperties) = preSolution
		HideSolutionNode = FALSE
	EndGlobalSection
	GlobalSection(ExtensibilityGlobals) = postSolution
		SolutionGuid = {7C681259-3F48-4AE5-8B96-DE937B669661}
	EndGlobalSection
EndGlobal
