
Microsoft Visual Studio Solution File, Format Version 12.00
# Visual Studio Version 16
VisualStudioVersion = 16.0.29411.108
MinimumVisualStudioVersion = 10.0.40219.1
Project("{9A19103F-16F7-4668-BE54-9A1E7A4F7556}") = "BookShop.Web", "BookShop.Web\BookShop.Web.csproj", "{CB9A4167-21B4-40BC-B6A6-6EEC560F0634}"
EndProject
Project("{9A19103F-16F7-4668-BE54-9A1E7A4F7556}") = "BookShop.Data", "BookShop.Data\BookShop.Data.csproj", "{89B737F2-3304-4A64-8B42-C0412FC6194D}"
EndProject
Project("{FAE04EC0-301F-11D3-BF4B-00C04F79EFBC}") = "BookShop.Services", "BookShop.Services\BookShop.Services.csproj", "{F37D3BA1-E1B6-487D-84EA-90729167D448}"
EndProject
Project("{FAE04EC0-301F-11D3-BF4B-00C04F79EFBC}") = "BookShop.Common", "BookShop.Common\BookShop.Common.csproj", "{405C8FE2-2E7B-4817-BB5B-E306FBC6AE0B}"
EndProject
Global
	GlobalSection(SolutionConfigurationPlatforms) = preSolution
		Debug|Any CPU = Debug|Any CPU
		Release|Any CPU = Release|Any CPU
	EndGlobalSection
	GlobalSection(ProjectConfigurationPlatforms) = postSolution
		{CB9A4167-21B4-40BC-B6A6-6EEC560F0634}.Debug|Any CPU.ActiveCfg = Debug|Any CPU
		{CB9A4167-21B4-40BC-B6A6-6EEC560F0634}.Debug|Any CPU.Build.0 = Debug|Any CPU
		{CB9A4167-21B4-40BC-B6A6-6EEC560F0634}.Release|Any CPU.ActiveCfg = Release|Any CPU
		{CB9A4167-21B4-40BC-B6A6-6EEC560F0634}.Release|Any CPU.Build.0 = Release|Any CPU
		{89B737F2-3304-4A64-8B42-C0412FC6194D}.Debug|Any CPU.ActiveCfg = Debug|Any CPU
		{89B737F2-3304-4A64-8B42-C0412FC6194D}.Debug|Any CPU.Build.0 = Debug|Any CPU
		{89B737F2-3304-4A64-8B42-C0412FC6194D}.Release|Any CPU.ActiveCfg = Release|Any CPU
		{89B737F2-3304-4A64-8B42-C0412FC6194D}.Release|Any CPU.Build.0 = Release|Any CPU
		{F37D3BA1-E1B6-487D-84EA-90729167D448}.Debug|Any CPU.ActiveCfg = Debug|Any CPU
		{F37D3BA1-E1B6-487D-84EA-90729167D448}.Debug|Any CPU.Build.0 = Debug|Any CPU
		{F37D3BA1-E1B6-487D-84EA-90729167D448}.Release|Any CPU.ActiveCfg = Release|Any CPU
		{F37D3BA1-E1B6-487D-84EA-90729167D448}.Release|Any CPU.Build.0 = Release|Any CPU
		{405C8FE2-2E7B-4817-BB5B-E306FBC6AE0B}.Debug|Any CPU.ActiveCfg = Debug|Any CPU
		{405C8FE2-2E7B-4817-BB5B-E306FBC6AE0B}.Debug|Any CPU.Build.0 = Debug|Any CPU
		{405C8FE2-2E7B-4817-BB5B-E306FBC6AE0B}.Release|Any CPU.ActiveCfg = Release|Any CPU
		{405C8FE2-2E7B-4817-BB5B-E306FBC6AE0B}.Release|Any CPU.Build.0 = Release|Any CPU
	EndGlobalSection
	GlobalSection(SolutionProperties) = preSolution
		HideSolutionNode = FALSE
	EndGlobalSection
	GlobalSection(ExtensibilityGlobals) = postSolution
		SolutionGuid = {5D898319-43D1-44D9-8234-C7EB793C57AB}
	EndGlobalSection
EndGlobal
