
Microsoft Visual Studio Solution File, Format Version 12.00
# Visual Studio 15
VisualStudioVersion = 15.0.27428.2043
MinimumVisualStudioVersion = 10.0.40219.1
Project("{FAE04EC0-301F-11D3-BF4B-00C04F79EFBC}") = "Minedraft", "Minedraft\Minedraft.csproj", "{B5C49E0F-F1E8-487D-A145-DC220C7E37D2}"
EndProject
Global
	GlobalSection(SolutionConfigurationPlatforms) = preSolution
		Debug|Any CPU = Debug|Any CPU
		Release|Any CPU = Release|Any CPU
	EndGlobalSection
	GlobalSection(ProjectConfigurationPlatforms) = postSolution
		{B5C49E0F-F1E8-487D-A145-DC220C7E37D2}.Debug|Any CPU.ActiveCfg = Debug|Any CPU
		{B5C49E0F-F1E8-487D-A145-DC220C7E37D2}.Debug|Any CPU.Build.0 = Debug|Any CPU
		{B5C49E0F-F1E8-487D-A145-DC220C7E37D2}.Release|Any CPU.ActiveCfg = Release|Any CPU
		{B5C49E0F-F1E8-487D-A145-DC220C7E37D2}.Release|Any CPU.Build.0 = Release|Any CPU
	EndGlobalSection
	GlobalSection(SolutionProperties) = preSolution
		HideSolutionNode = FALSE
	EndGlobalSection
	GlobalSection(ExtensibilityGlobals) = postSolution
		SolutionGuid = {C8ABA2D0-834B-48D9-BBB0-9AB1735F4B79}
	EndGlobalSection
EndGlobal
