
Microsoft Visual Studio Solution File, Format Version 12.00
# Visual Studio 14
VisualStudioVersion = 14.0.25420.1
MinimumVisualStudioVersion = 10.0.40219.1
Project("{FAE04EC0-301F-11D3-BF4B-00C04F79EFBC}") = "02. Odd Occurrences", "02. Odd Occurrences\02. Odd Occurrences.csproj", "{F5820AF5-DCD6-4E3D-82B7-CE2D84B9C62C}"
EndProject
Project("{FAE04EC0-301F-11D3-BF4B-00C04F79EFBC}") = "01. Count Real Numbers", "01. Count Real Numbers\01. Count Real Numbers.csproj", "{FFDE98E2-D4F9-423E-83FC-E75D4129B114}"
EndProject
Global
	GlobalSection(SolutionConfigurationPlatforms) = preSolution
		Debug|Any CPU = Debug|Any CPU
		Release|Any CPU = Release|Any CPU
	EndGlobalSection
	GlobalSection(ProjectConfigurationPlatforms) = postSolution
		{F5820AF5-DCD6-4E3D-82B7-CE2D84B9C62C}.Debug|Any CPU.ActiveCfg = Debug|Any CPU
		{F5820AF5-DCD6-4E3D-82B7-CE2D84B9C62C}.Debug|Any CPU.Build.0 = Debug|Any CPU
		{F5820AF5-DCD6-4E3D-82B7-CE2D84B9C62C}.Release|Any CPU.ActiveCfg = Release|Any CPU
		{F5820AF5-DCD6-4E3D-82B7-CE2D84B9C62C}.Release|Any CPU.Build.0 = Release|Any CPU
		{FFDE98E2-D4F9-423E-83FC-E75D4129B114}.Debug|Any CPU.ActiveCfg = Debug|Any CPU
		{FFDE98E2-D4F9-423E-83FC-E75D4129B114}.Debug|Any CPU.Build.0 = Debug|Any CPU
		{FFDE98E2-D4F9-423E-83FC-E75D4129B114}.Release|Any CPU.ActiveCfg = Release|Any CPU
		{FFDE98E2-D4F9-423E-83FC-E75D4129B114}.Release|Any CPU.Build.0 = Release|Any CPU
	EndGlobalSection
	GlobalSection(SolutionProperties) = preSolution
		HideSolutionNode = FALSE
	EndGlobalSection
EndGlobal
