
Microsoft Visual Studio Solution File, Format Version 12.00
# Visual Studio 15
VisualStudioVersion = 15.0.28307.106
MinimumVisualStudioVersion = 10.0.40219.1
Project("{9A19103F-16F7-4668-BE54-9A1E7A4F7556}") = "Forum", "Code first\Forum.csproj", "{97E0BF57-7671-460E-9406-08A0D224C6A6}"
EndProject
Global
	GlobalSection(SolutionConfigurationPlatforms) = preSolution
		Debug|Any CPU = Debug|Any CPU
		Release|Any CPU = Release|Any CPU
	EndGlobalSection
	GlobalSection(ProjectConfigurationPlatforms) = postSolution
		{97E0BF57-7671-460E-9406-08A0D224C6A6}.Debug|Any CPU.ActiveCfg = Debug|Any CPU
		{97E0BF57-7671-460E-9406-08A0D224C6A6}.Debug|Any CPU.Build.0 = Debug|Any CPU
		{97E0BF57-7671-460E-9406-08A0D224C6A6}.Release|Any CPU.ActiveCfg = Release|Any CPU
		{97E0BF57-7671-460E-9406-08A0D224C6A6}.Release|Any CPU.Build.0 = Release|Any CPU
	EndGlobalSection
	GlobalSection(SolutionProperties) = preSolution
		HideSolutionNode = FALSE
	EndGlobalSection
	GlobalSection(ExtensibilityGlobals) = postSolution
		SolutionGuid = {F3C1DE61-3321-4290-BCC3-EFD7B62FA6FB}
	EndGlobalSection
EndGlobal
