
Microsoft Visual Studio Solution File, Format Version 12.00
# Visual Studio 14
VisualStudioVersion = 14.0.25420.1
MinimumVisualStudioVersion = 10.0.40219.1
Project("{FAE04EC0-301F-11D3-BF4B-00C04F79EFBC}") = "01. Matrix of Palindromes", "01. Matrix of Palindromes\01. Matrix of Palindromes.csproj", "{EA6F194C-6491-4F7B-9B7D-C279C6D03369}"
EndProject
Project("{FAE04EC0-301F-11D3-BF4B-00C04F79EFBC}") = "02. Diagonal Difference", "02. Diagonal Difference\02. Diagonal Difference.csproj", "{7F3015AB-57BB-4C18-B885-AFF4F592554C}"
EndProject
Project("{FAE04EC0-301F-11D3-BF4B-00C04F79EFBC}") = "03. Squares in Matrix", "03. Squares in Matrix\03. Squares in Matrix.csproj", "{249B122D-F7F7-45AB-AA85-E52A5E268563}"
EndProject
Project("{FAE04EC0-301F-11D3-BF4B-00C04F79EFBC}") = "04. Maximal Sum", "04. Maximal Sum\04. Maximal Sum.csproj", "{41B6E841-855D-41FC-9F3D-EE1A4A5383A2}"
EndProject
Project("{FAE04EC0-301F-11D3-BF4B-00C04F79EFBC}") = "05. Rubiks Matrix", "05. Rubiks Matrix\05. Rubiks Matrix.csproj", "{E5D86733-2A6F-4697-B501-10E57274AFA7}"
EndProject
Project("{FAE04EC0-301F-11D3-BF4B-00C04F79EFBC}") = "06. Target Practice", "06. Target Practice\06. Target Practice.csproj", "{A100B044-52A9-492C-AF3F-39B7CE78F3F2}"
EndProject
Project("{FAE04EC0-301F-11D3-BF4B-00C04F79EFBC}") = "07. Lego Blocks", "07. Lego Blocks\07. Lego Blocks.csproj", "{EBE393F1-8532-4B06-A2F7-43D30CBE4AF0}"
EndProject
Project("{FAE04EC0-301F-11D3-BF4B-00C04F79EFBC}") = "08. Radioactive Bunnies", "08. Radioactive Bunnies\08. Radioactive Bunnies.csproj", "{7FC8F155-D0AF-4FBC-AE10-5671AD2CFAAB}"
EndProject
Project("{FAE04EC0-301F-11D3-BF4B-00C04F79EFBC}") = "09. Crossfire", "09. Crossfire\09. Crossfire.csproj", "{3F7250BE-A8E4-45E8-AAE7-CB0369095C3B}"
EndProject
Project("{FAE04EC0-301F-11D3-BF4B-00C04F79EFBC}") = "10. The Heigan Dance", "10. The Heigan Dance\10. The Heigan Dance.csproj", "{57F421C5-4589-4C5E-B9FA-0D58EDDC90F9}"
EndProject
Project("{FAE04EC0-301F-11D3-BF4B-00C04F79EFBC}") = "11. Parking System", "11. Parking System\11. Parking System.csproj", "{D1C28C32-C2D1-43BA-BFF4-72E22638FEE0}"
EndProject
Project("{FAE04EC0-301F-11D3-BF4B-00C04F79EFBC}") = "12. String Matrix Rotation", "12. String Matrix Rotation\12. String Matrix Rotation.csproj", "{B209EF44-C9BA-4CDF-9721-FE62FC553559}"
EndProject
Global
	GlobalSection(SolutionConfigurationPlatforms) = preSolution
		Debug|Any CPU = Debug|Any CPU
		Release|Any CPU = Release|Any CPU
	EndGlobalSection
	GlobalSection(ProjectConfigurationPlatforms) = postSolution
		{EA6F194C-6491-4F7B-9B7D-C279C6D03369}.Debug|Any CPU.ActiveCfg = Debug|Any CPU
		{EA6F194C-6491-4F7B-9B7D-C279C6D03369}.Debug|Any CPU.Build.0 = Debug|Any CPU
		{EA6F194C-6491-4F7B-9B7D-C279C6D03369}.Release|Any CPU.ActiveCfg = Release|Any CPU
		{EA6F194C-6491-4F7B-9B7D-C279C6D03369}.Release|Any CPU.Build.0 = Release|Any CPU
		{7F3015AB-57BB-4C18-B885-AFF4F592554C}.Debug|Any CPU.ActiveCfg = Debug|Any CPU
		{7F3015AB-57BB-4C18-B885-AFF4F592554C}.Debug|Any CPU.Build.0 = Debug|Any CPU
		{7F3015AB-57BB-4C18-B885-AFF4F592554C}.Release|Any CPU.ActiveCfg = Release|Any CPU
		{7F3015AB-57BB-4C18-B885-AFF4F592554C}.Release|Any CPU.Build.0 = Release|Any CPU
		{249B122D-F7F7-45AB-AA85-E52A5E268563}.Debug|Any CPU.ActiveCfg = Debug|Any CPU
		{249B122D-F7F7-45AB-AA85-E52A5E268563}.Debug|Any CPU.Build.0 = Debug|Any CPU
		{249B122D-F7F7-45AB-AA85-E52A5E268563}.Release|Any CPU.ActiveCfg = Release|Any CPU
		{249B122D-F7F7-45AB-AA85-E52A5E268563}.Release|Any CPU.Build.0 = Release|Any CPU
		{41B6E841-855D-41FC-9F3D-EE1A4A5383A2}.Debug|Any CPU.ActiveCfg = Debug|Any CPU
		{41B6E841-855D-41FC-9F3D-EE1A4A5383A2}.Debug|Any CPU.Build.0 = Debug|Any CPU
		{41B6E841-855D-41FC-9F3D-EE1A4A5383A2}.Release|Any CPU.ActiveCfg = Release|Any CPU
		{41B6E841-855D-41FC-9F3D-EE1A4A5383A2}.Release|Any CPU.Build.0 = Release|Any CPU
		{E5D86733-2A6F-4697-B501-10E57274AFA7}.Debug|Any CPU.ActiveCfg = Debug|Any CPU
		{E5D86733-2A6F-4697-B501-10E57274AFA7}.Debug|Any CPU.Build.0 = Debug|Any CPU
		{E5D86733-2A6F-4697-B501-10E57274AFA7}.Release|Any CPU.ActiveCfg = Release|Any CPU
		{E5D86733-2A6F-4697-B501-10E57274AFA7}.Release|Any CPU.Build.0 = Release|Any CPU
		{A100B044-52A9-492C-AF3F-39B7CE78F3F2}.Debug|Any CPU.ActiveCfg = Debug|Any CPU
		{A100B044-52A9-492C-AF3F-39B7CE78F3F2}.Debug|Any CPU.Build.0 = Debug|Any CPU
		{A100B044-52A9-492C-AF3F-39B7CE78F3F2}.Release|Any CPU.ActiveCfg = Release|Any CPU
		{A100B044-52A9-492C-AF3F-39B7CE78F3F2}.Release|Any CPU.Build.0 = Release|Any CPU
		{EBE393F1-8532-4B06-A2F7-43D30CBE4AF0}.Debug|Any CPU.ActiveCfg = Debug|Any CPU
		{EBE393F1-8532-4B06-A2F7-43D30CBE4AF0}.Debug|Any CPU.Build.0 = Debug|Any CPU
		{EBE393F1-8532-4B06-A2F7-43D30CBE4AF0}.Release|Any CPU.ActiveCfg = Release|Any CPU
		{EBE393F1-8532-4B06-A2F7-43D30CBE4AF0}.Release|Any CPU.Build.0 = Release|Any CPU
		{7FC8F155-D0AF-4FBC-AE10-5671AD2CFAAB}.Debug|Any CPU.ActiveCfg = Debug|Any CPU
		{7FC8F155-D0AF-4FBC-AE10-5671AD2CFAAB}.Debug|Any CPU.Build.0 = Debug|Any CPU
		{7FC8F155-D0AF-4FBC-AE10-5671AD2CFAAB}.Release|Any CPU.ActiveCfg = Release|Any CPU
		{7FC8F155-D0AF-4FBC-AE10-5671AD2CFAAB}.Release|Any CPU.Build.0 = Release|Any CPU
		{3F7250BE-A8E4-45E8-AAE7-CB0369095C3B}.Debug|Any CPU.ActiveCfg = Debug|Any CPU
		{3F7250BE-A8E4-45E8-AAE7-CB0369095C3B}.Debug|Any CPU.Build.0 = Debug|Any CPU
		{3F7250BE-A8E4-45E8-AAE7-CB0369095C3B}.Release|Any CPU.ActiveCfg = Release|Any CPU
		{3F7250BE-A8E4-45E8-AAE7-CB0369095C3B}.Release|Any CPU.Build.0 = Release|Any CPU
		{57F421C5-4589-4C5E-B9FA-0D58EDDC90F9}.Debug|Any CPU.ActiveCfg = Debug|Any CPU
		{57F421C5-4589-4C5E-B9FA-0D58EDDC90F9}.Debug|Any CPU.Build.0 = Debug|Any CPU
		{57F421C5-4589-4C5E-B9FA-0D58EDDC90F9}.Release|Any CPU.ActiveCfg = Release|Any CPU
		{57F421C5-4589-4C5E-B9FA-0D58EDDC90F9}.Release|Any CPU.Build.0 = Release|Any CPU
		{D1C28C32-C2D1-43BA-BFF4-72E22638FEE0}.Debug|Any CPU.ActiveCfg = Debug|Any CPU
		{D1C28C32-C2D1-43BA-BFF4-72E22638FEE0}.Debug|Any CPU.Build.0 = Debug|Any CPU
		{D1C28C32-C2D1-43BA-BFF4-72E22638FEE0}.Release|Any CPU.ActiveCfg = Release|Any CPU
		{D1C28C32-C2D1-43BA-BFF4-72E22638FEE0}.Release|Any CPU.Build.0 = Release|Any CPU
		{B209EF44-C9BA-4CDF-9721-FE62FC553559}.Debug|Any CPU.ActiveCfg = Debug|Any CPU
		{B209EF44-C9BA-4CDF-9721-FE62FC553559}.Debug|Any CPU.Build.0 = Debug|Any CPU
		{B209EF44-C9BA-4CDF-9721-FE62FC553559}.Release|Any CPU.ActiveCfg = Release|Any CPU
		{B209EF44-C9BA-4CDF-9721-FE62FC553559}.Release|Any CPU.Build.0 = Release|Any CPU
	EndGlobalSection
	GlobalSection(SolutionProperties) = preSolution
		HideSolutionNode = FALSE
	EndGlobalSection
EndGlobal
