
Microsoft Visual Studio Solution File, Format Version 12.00
# Visual Studio Version 16
VisualStudioVersion = 16.0.29025.244
MinimumVisualStudioVersion = 10.0.40219.1
Project("{FAE04EC0-301F-11D3-BF4B-00C04F79EFBC}") = "12. Razor and filters - lab and exercise", "12. Razor and filters - lab and exercise\12. Razor and filters - lab and exercise.csproj", "{B2CDAC12-206D-457E-937B-32E1B2E30CFF}"
EndProject
Global
	GlobalSection(SolutionConfigurationPlatforms) = preSolution
		Debug|Any CPU = Debug|Any CPU
		Release|Any CPU = Release|Any CPU
	EndGlobalSection
	GlobalSection(ProjectConfigurationPlatforms) = postSolution
		{B2CDAC12-206D-457E-937B-32E1B2E30CFF}.Debug|Any CPU.ActiveCfg = Debug|Any CPU
		{B2CDAC12-206D-457E-937B-32E1B2E30CFF}.Debug|Any CPU.Build.0 = Debug|Any CPU
		{B2CDAC12-206D-457E-937B-32E1B2E30CFF}.Release|Any CPU.ActiveCfg = Release|Any CPU
		{B2CDAC12-206D-457E-937B-32E1B2E30CFF}.Release|Any CPU.Build.0 = Release|Any CPU
	EndGlobalSection
	GlobalSection(SolutionProperties) = preSolution
		HideSolutionNode = FALSE
	EndGlobalSection
	GlobalSection(ExtensibilityGlobals) = postSolution
		SolutionGuid = {B7CB2AC1-DF46-4C55-8833-B7104AE3AFF7}
	EndGlobalSection
EndGlobal
