
Microsoft Visual Studio Solution File, Format Version 12.00
# Visual Studio 14
VisualStudioVersion = 14.0.25420.1
MinimumVisualStudioVersion = 10.0.40219.1
Project("{FAE04EC0-301F-11D3-BF4B-00C04F79EFBC}") = "01. Cards", "01. Cards\01. Cards.csproj", "{7390ADF8-4496-4CB6-90B4-830D5E34382B}"
EndProject
Project("{FAE04EC0-301F-11D3-BF4B-00C04F79EFBC}") = "02. Fish Statistics", "02. Fish Statistics\02. Fish Statistics.csproj", "{5F3787B3-C303-461A-A777-9B167605606A}"
EndProject
Project("{FAE04EC0-301F-11D3-BF4B-00C04F79EFBC}") = "03. Word encounter", "03. Word encounter\03. Word encounter.csproj", "{5FD1EB5E-FEE2-43C0-9DFC-02520A71D073}"
EndProject
Project("{FAE04EC0-301F-11D3-BF4B-00C04F79EFBC}") = "04. Happiness Index", "04. Happiness Index\04. Happiness Index.csproj", "{0A8369DD-12C7-4B16-A129-DA7CA5D375C8}"
EndProject
Global
	GlobalSection(SolutionConfigurationPlatforms) = preSolution
		Debug|Any CPU = Debug|Any CPU
		Release|Any CPU = Release|Any CPU
	EndGlobalSection
	GlobalSection(ProjectConfigurationPlatforms) = postSolution
		{7390ADF8-4496-4CB6-90B4-830D5E34382B}.Debug|Any CPU.ActiveCfg = Debug|Any CPU
		{7390ADF8-4496-4CB6-90B4-830D5E34382B}.Debug|Any CPU.Build.0 = Debug|Any CPU
		{7390ADF8-4496-4CB6-90B4-830D5E34382B}.Release|Any CPU.ActiveCfg = Release|Any CPU
		{7390ADF8-4496-4CB6-90B4-830D5E34382B}.Release|Any CPU.Build.0 = Release|Any CPU
		{5F3787B3-C303-461A-A777-9B167605606A}.Debug|Any CPU.ActiveCfg = Debug|Any CPU
		{5F3787B3-C303-461A-A777-9B167605606A}.Debug|Any CPU.Build.0 = Debug|Any CPU
		{5F3787B3-C303-461A-A777-9B167605606A}.Release|Any CPU.ActiveCfg = Release|Any CPU
		{5F3787B3-C303-461A-A777-9B167605606A}.Release|Any CPU.Build.0 = Release|Any CPU
		{5FD1EB5E-FEE2-43C0-9DFC-02520A71D073}.Debug|Any CPU.ActiveCfg = Debug|Any CPU
		{5FD1EB5E-FEE2-43C0-9DFC-02520A71D073}.Debug|Any CPU.Build.0 = Debug|Any CPU
		{5FD1EB5E-FEE2-43C0-9DFC-02520A71D073}.Release|Any CPU.ActiveCfg = Release|Any CPU
		{5FD1EB5E-FEE2-43C0-9DFC-02520A71D073}.Release|Any CPU.Build.0 = Release|Any CPU
		{0A8369DD-12C7-4B16-A129-DA7CA5D375C8}.Debug|Any CPU.ActiveCfg = Debug|Any CPU
		{0A8369DD-12C7-4B16-A129-DA7CA5D375C8}.Debug|Any CPU.Build.0 = Debug|Any CPU
		{0A8369DD-12C7-4B16-A129-DA7CA5D375C8}.Release|Any CPU.ActiveCfg = Release|Any CPU
		{0A8369DD-12C7-4B16-A129-DA7CA5D375C8}.Release|Any CPU.Build.0 = Release|Any CPU
	EndGlobalSection
	GlobalSection(SolutionProperties) = preSolution
		HideSolutionNode = FALSE
	EndGlobalSection
EndGlobal
