
Microsoft Visual Studio Solution File, Format Version 12.00
# Visual Studio 14
VisualStudioVersion = 14.0.25420.1
MinimumVisualStudioVersion = 10.0.40219.1
Project("{FAE04EC0-301F-11D3-BF4B-00C04F79EFBC}") = "01. Day of Week", "01. Day of Week\01. Day of Week.csproj", "{3216BFA9-2BC8-4590-9244-A2C2F881D690}"
EndProject
Project("{FAE04EC0-301F-11D3-BF4B-00C04F79EFBC}") = "02. Randomize Words", "02. Randomize Words\02. Randomize Words.csproj", "{11D835AC-C885-4D29-AC85-E2CD41E2DF2E}"
EndProject
Project("{FAE04EC0-301F-11D3-BF4B-00C04F79EFBC}") = "03. Big Factorial", "03. Big Factorial\03. Big Factorial.csproj", "{7BC2E1AC-DC45-4B67-BB46-6C383650352B}"
EndProject
Project("{FAE04EC0-301F-11D3-BF4B-00C04F79EFBC}") = "04. Distance between Points", "04. Distance between Points\04. Distance between Points.csproj", "{689BEF34-907C-4ACB-B3BE-3496F38B7355}"
EndProject
Project("{FAE04EC0-301F-11D3-BF4B-00C04F79EFBC}") = "05. Closest Two Points", "05. Closest Two Points\05. Closest Two Points.csproj", "{1C56C0CF-2044-4FCD-AA97-E036983CE5A7}"
EndProject
Project("{FAE04EC0-301F-11D3-BF4B-00C04F79EFBC}") = "practice", "practice\practice.csproj", "{1D7C1618-F766-49F5-B1D8-CE549488E018}"
EndProject
Project("{FAE04EC0-301F-11D3-BF4B-00C04F79EFBC}") = "06. Rectangle Position", "06. Rectangle Position\06. Rectangle Position.csproj", "{B776F1C8-F175-4802-A066-ABC92A4ED009}"
EndProject
Project("{FAE04EC0-301F-11D3-BF4B-00C04F79EFBC}") = "07. Sales Report", "07. Sales Report\07. Sales Report.csproj", "{17058E1C-A94F-4690-95EE-91289D00A2A7}"
EndProject
Global
	GlobalSection(SolutionConfigurationPlatforms) = preSolution
		Debug|Any CPU = Debug|Any CPU
		Release|Any CPU = Release|Any CPU
	EndGlobalSection
	GlobalSection(ProjectConfigurationPlatforms) = postSolution
		{3216BFA9-2BC8-4590-9244-A2C2F881D690}.Debug|Any CPU.ActiveCfg = Debug|Any CPU
		{3216BFA9-2BC8-4590-9244-A2C2F881D690}.Debug|Any CPU.Build.0 = Debug|Any CPU
		{3216BFA9-2BC8-4590-9244-A2C2F881D690}.Release|Any CPU.ActiveCfg = Release|Any CPU
		{3216BFA9-2BC8-4590-9244-A2C2F881D690}.Release|Any CPU.Build.0 = Release|Any CPU
		{11D835AC-C885-4D29-AC85-E2CD41E2DF2E}.Debug|Any CPU.ActiveCfg = Debug|Any CPU
		{11D835AC-C885-4D29-AC85-E2CD41E2DF2E}.Debug|Any CPU.Build.0 = Debug|Any CPU
		{11D835AC-C885-4D29-AC85-E2CD41E2DF2E}.Release|Any CPU.ActiveCfg = Release|Any CPU
		{11D835AC-C885-4D29-AC85-E2CD41E2DF2E}.Release|Any CPU.Build.0 = Release|Any CPU
		{7BC2E1AC-DC45-4B67-BB46-6C383650352B}.Debug|Any CPU.ActiveCfg = Debug|Any CPU
		{7BC2E1AC-DC45-4B67-BB46-6C383650352B}.Debug|Any CPU.Build.0 = Debug|Any CPU
		{7BC2E1AC-DC45-4B67-BB46-6C383650352B}.Release|Any CPU.ActiveCfg = Release|Any CPU
		{7BC2E1AC-DC45-4B67-BB46-6C383650352B}.Release|Any CPU.Build.0 = Release|Any CPU
		{689BEF34-907C-4ACB-B3BE-3496F38B7355}.Debug|Any CPU.ActiveCfg = Debug|Any CPU
		{689BEF34-907C-4ACB-B3BE-3496F38B7355}.Debug|Any CPU.Build.0 = Debug|Any CPU
		{689BEF34-907C-4ACB-B3BE-3496F38B7355}.Release|Any CPU.ActiveCfg = Release|Any CPU
		{689BEF34-907C-4ACB-B3BE-3496F38B7355}.Release|Any CPU.Build.0 = Release|Any CPU
		{1C56C0CF-2044-4FCD-AA97-E036983CE5A7}.Debug|Any CPU.ActiveCfg = Debug|Any CPU
		{1C56C0CF-2044-4FCD-AA97-E036983CE5A7}.Debug|Any CPU.Build.0 = Debug|Any CPU
		{1C56C0CF-2044-4FCD-AA97-E036983CE5A7}.Release|Any CPU.ActiveCfg = Release|Any CPU
		{1C56C0CF-2044-4FCD-AA97-E036983CE5A7}.Release|Any CPU.Build.0 = Release|Any CPU
		{1D7C1618-F766-49F5-B1D8-CE549488E018}.Debug|Any CPU.ActiveCfg = Debug|Any CPU
		{1D7C1618-F766-49F5-B1D8-CE549488E018}.Debug|Any CPU.Build.0 = Debug|Any CPU
		{1D7C1618-F766-49F5-B1D8-CE549488E018}.Release|Any CPU.ActiveCfg = Release|Any CPU
		{1D7C1618-F766-49F5-B1D8-CE549488E018}.Release|Any CPU.Build.0 = Release|Any CPU
		{B776F1C8-F175-4802-A066-ABC92A4ED009}.Debug|Any CPU.ActiveCfg = Debug|Any CPU
		{B776F1C8-F175-4802-A066-ABC92A4ED009}.Debug|Any CPU.Build.0 = Debug|Any CPU
		{B776F1C8-F175-4802-A066-ABC92A4ED009}.Release|Any CPU.ActiveCfg = Release|Any CPU
		{B776F1C8-F175-4802-A066-ABC92A4ED009}.Release|Any CPU.Build.0 = Release|Any CPU
		{17058E1C-A94F-4690-95EE-91289D00A2A7}.Debug|Any CPU.ActiveCfg = Debug|Any CPU
		{17058E1C-A94F-4690-95EE-91289D00A2A7}.Debug|Any CPU.Build.0 = Debug|Any CPU
		{17058E1C-A94F-4690-95EE-91289D00A2A7}.Release|Any CPU.ActiveCfg = Release|Any CPU
		{17058E1C-A94F-4690-95EE-91289D00A2A7}.Release|Any CPU.Build.0 = Release|Any CPU
	EndGlobalSection
	GlobalSection(SolutionProperties) = preSolution
		HideSolutionNode = FALSE
	EndGlobalSection
EndGlobal
