
Microsoft Visual Studio Solution File, Format Version 12.00
# Visual Studio Version 16
VisualStudioVersion = 16.0.29001.49
MinimumVisualStudioVersion = 10.0.40219.1
Project("{FAE04EC0-301F-11D3-BF4B-00C04F79EFBC}") = "Fluffy Duffy Munchkin Cats", "Fluffy Duffy Munchkin Cats\Fluffy Duffy Munchkin Cats.csproj", "{9B19741E-AA88-46E7-B51E-E90508CC6569}"
EndProject
Global
	GlobalSection(SolutionConfigurationPlatforms) = preSolution
		Debug|Any CPU = Debug|Any CPU
		Release|Any CPU = Release|Any CPU
	EndGlobalSection
	GlobalSection(ProjectConfigurationPlatforms) = postSolution
		{9B19741E-AA88-46E7-B51E-E90508CC6569}.Debug|Any CPU.ActiveCfg = Debug|Any CPU
		{9B19741E-AA88-46E7-B51E-E90508CC6569}.Debug|Any CPU.Build.0 = Debug|Any CPU
		{9B19741E-AA88-46E7-B51E-E90508CC6569}.Release|Any CPU.ActiveCfg = Release|Any CPU
		{9B19741E-AA88-46E7-B51E-E90508CC6569}.Release|Any CPU.Build.0 = Release|Any CPU
	EndGlobalSection
	GlobalSection(SolutionProperties) = preSolution
		HideSolutionNode = FALSE
	EndGlobalSection
	GlobalSection(ExtensibilityGlobals) = postSolution
		SolutionGuid = {3C3FFD1D-211D-4550-A74A-37D44670BB33}
	EndGlobalSection
EndGlobal
