
Microsoft Visual Studio Solution File, Format Version 12.00
# Visual Studio 14
VisualStudioVersion = 14.0.25420.1
MinimumVisualStudioVersion = 10.0.40219.1
Project("{FAE04EC0-301F-11D3-BF4B-00C04F79EFBC}") = "01. SumOfAllElementsOfMatrix", "01. SumOfAllElementsOfMatrix\01. SumOfAllElementsOfMatrix.csproj", "{BA7F03A5-4A9C-4DD8-A129-BA72609B8B94}"
EndProject
Project("{FAE04EC0-301F-11D3-BF4B-00C04F79EFBC}") = "02. SquareWithMaximumSum", "02. SquareWithMaximumSum\02. SquareWithMaximumSum.csproj", "{1AD7D814-7CC8-4D37-B905-9171F64E9CD2}"
EndProject
Project("{FAE04EC0-301F-11D3-BF4B-00C04F79EFBC}") = "03.GroupNumbers", "03.GroupNumbers\03.GroupNumbers.csproj", "{F6F4255E-E339-413B-8D8D-276DD6661119}"
EndProject
Project("{FAE04EC0-301F-11D3-BF4B-00C04F79EFBC}") = "04. PascalTriangle", "04. PascalTriangle\04. PascalTriangle.csproj", "{0C611712-73A1-402B-8DB3-913B5854BE6E}"
EndProject
Global
	GlobalSection(SolutionConfigurationPlatforms) = preSolution
		Debug|Any CPU = Debug|Any CPU
		Release|Any CPU = Release|Any CPU
	EndGlobalSection
	GlobalSection(ProjectConfigurationPlatforms) = postSolution
		{BA7F03A5-4A9C-4DD8-A129-BA72609B8B94}.Debug|Any CPU.ActiveCfg = Debug|Any CPU
		{BA7F03A5-4A9C-4DD8-A129-BA72609B8B94}.Debug|Any CPU.Build.0 = Debug|Any CPU
		{BA7F03A5-4A9C-4DD8-A129-BA72609B8B94}.Release|Any CPU.ActiveCfg = Release|Any CPU
		{BA7F03A5-4A9C-4DD8-A129-BA72609B8B94}.Release|Any CPU.Build.0 = Release|Any CPU
		{1AD7D814-7CC8-4D37-B905-9171F64E9CD2}.Debug|Any CPU.ActiveCfg = Debug|Any CPU
		{1AD7D814-7CC8-4D37-B905-9171F64E9CD2}.Debug|Any CPU.Build.0 = Debug|Any CPU
		{1AD7D814-7CC8-4D37-B905-9171F64E9CD2}.Release|Any CPU.ActiveCfg = Release|Any CPU
		{1AD7D814-7CC8-4D37-B905-9171F64E9CD2}.Release|Any CPU.Build.0 = Release|Any CPU
		{F6F4255E-E339-413B-8D8D-276DD6661119}.Debug|Any CPU.ActiveCfg = Debug|Any CPU
		{F6F4255E-E339-413B-8D8D-276DD6661119}.Debug|Any CPU.Build.0 = Debug|Any CPU
		{F6F4255E-E339-413B-8D8D-276DD6661119}.Release|Any CPU.ActiveCfg = Release|Any CPU
		{F6F4255E-E339-413B-8D8D-276DD6661119}.Release|Any CPU.Build.0 = Release|Any CPU
		{0C611712-73A1-402B-8DB3-913B5854BE6E}.Debug|Any CPU.ActiveCfg = Debug|Any CPU
		{0C611712-73A1-402B-8DB3-913B5854BE6E}.Debug|Any CPU.Build.0 = Debug|Any CPU
		{0C611712-73A1-402B-8DB3-913B5854BE6E}.Release|Any CPU.ActiveCfg = Release|Any CPU
		{0C611712-73A1-402B-8DB3-913B5854BE6E}.Release|Any CPU.Build.0 = Release|Any CPU
	EndGlobalSection
	GlobalSection(SolutionProperties) = preSolution
		HideSolutionNode = FALSE
	EndGlobalSection
EndGlobal
