
Microsoft Visual Studio Solution File, Format Version 12.00
# Visual Studio 14
VisualStudioVersion = 14.0.25420.1
MinimumVisualStudioVersion = 10.0.40219.1
Project("{FAE04EC0-301F-11D3-BF4B-00C04F79EFBC}") = "01. Shoot List Elements", "001. Shoot List Elements\01. Shoot List Elements.csproj", "{39B32A22-E5AF-4772-8A53-E9D81F23CCCA}"
EndProject
Project("{FAE04EC0-301F-11D3-BF4B-00C04F79EFBC}") = "02. Average Character Delimiter", "02. Average Character Delimiter\02. Average Character Delimiter.csproj", "{8747F2E8-468B-47A7-ABCB-4695629FE231}"
EndProject
Project("{FAE04EC0-301F-11D3-BF4B-00C04F79EFBC}") = "03. Sort Array of Strings", "03. Sort Array of Strings\03. Sort Array of Strings.csproj", "{989C6DF3-8F72-4DFC-9DE9-B07B662DDD6E}"
EndProject
Project("{FAE04EC0-301F-11D3-BF4B-00C04F79EFBC}") = "04. Array Histogram", "04. Array Histogram\04. Array Histogram.csproj", "{5E013290-8354-45F9-AA99-4A17BBDD4C08}"
EndProject
Project("{FAE04EC0-301F-11D3-BF4B-00C04F79EFBC}") = "05. Decode Radio Frequencies", "05. Decode Radio Frequencies\05. Decode Radio Frequencies.csproj", "{0C1ADBF1-BB84-4855-AFBA-E18AAA238598}"
EndProject
Project("{FAE04EC0-301F-11D3-BF4B-00C04F79EFBC}") = "06. Batteries", "06. Batteries\06. Batteries.csproj", "{98546A79-BFEA-4FFE-95A6-5A6CB34057F6}"
EndProject
Global
	GlobalSection(SolutionConfigurationPlatforms) = preSolution
		Debug|Any CPU = Debug|Any CPU
		Release|Any CPU = Release|Any CPU
	EndGlobalSection
	GlobalSection(ProjectConfigurationPlatforms) = postSolution
		{39B32A22-E5AF-4772-8A53-E9D81F23CCCA}.Debug|Any CPU.ActiveCfg = Debug|Any CPU
		{39B32A22-E5AF-4772-8A53-E9D81F23CCCA}.Debug|Any CPU.Build.0 = Debug|Any CPU
		{39B32A22-E5AF-4772-8A53-E9D81F23CCCA}.Release|Any CPU.ActiveCfg = Release|Any CPU
		{39B32A22-E5AF-4772-8A53-E9D81F23CCCA}.Release|Any CPU.Build.0 = Release|Any CPU
		{8747F2E8-468B-47A7-ABCB-4695629FE231}.Debug|Any CPU.ActiveCfg = Debug|Any CPU
		{8747F2E8-468B-47A7-ABCB-4695629FE231}.Debug|Any CPU.Build.0 = Debug|Any CPU
		{8747F2E8-468B-47A7-ABCB-4695629FE231}.Release|Any CPU.ActiveCfg = Release|Any CPU
		{8747F2E8-468B-47A7-ABCB-4695629FE231}.Release|Any CPU.Build.0 = Release|Any CPU
		{989C6DF3-8F72-4DFC-9DE9-B07B662DDD6E}.Debug|Any CPU.ActiveCfg = Debug|Any CPU
		{989C6DF3-8F72-4DFC-9DE9-B07B662DDD6E}.Debug|Any CPU.Build.0 = Debug|Any CPU
		{989C6DF3-8F72-4DFC-9DE9-B07B662DDD6E}.Release|Any CPU.ActiveCfg = Release|Any CPU
		{989C6DF3-8F72-4DFC-9DE9-B07B662DDD6E}.Release|Any CPU.Build.0 = Release|Any CPU
		{5E013290-8354-45F9-AA99-4A17BBDD4C08}.Debug|Any CPU.ActiveCfg = Debug|Any CPU
		{5E013290-8354-45F9-AA99-4A17BBDD4C08}.Debug|Any CPU.Build.0 = Debug|Any CPU
		{5E013290-8354-45F9-AA99-4A17BBDD4C08}.Release|Any CPU.ActiveCfg = Release|Any CPU
		{5E013290-8354-45F9-AA99-4A17BBDD4C08}.Release|Any CPU.Build.0 = Release|Any CPU
		{0C1ADBF1-BB84-4855-AFBA-E18AAA238598}.Debug|Any CPU.ActiveCfg = Debug|Any CPU
		{0C1ADBF1-BB84-4855-AFBA-E18AAA238598}.Debug|Any CPU.Build.0 = Debug|Any CPU
		{0C1ADBF1-BB84-4855-AFBA-E18AAA238598}.Release|Any CPU.ActiveCfg = Release|Any CPU
		{0C1ADBF1-BB84-4855-AFBA-E18AAA238598}.Release|Any CPU.Build.0 = Release|Any CPU
		{98546A79-BFEA-4FFE-95A6-5A6CB34057F6}.Debug|Any CPU.ActiveCfg = Debug|Any CPU
		{98546A79-BFEA-4FFE-95A6-5A6CB34057F6}.Debug|Any CPU.Build.0 = Debug|Any CPU
		{98546A79-BFEA-4FFE-95A6-5A6CB34057F6}.Release|Any CPU.ActiveCfg = Release|Any CPU
		{98546A79-BFEA-4FFE-95A6-5A6CB34057F6}.Release|Any CPU.Build.0 = Release|Any CPU
	EndGlobalSection
	GlobalSection(SolutionProperties) = preSolution
		HideSolutionNode = FALSE
	EndGlobalSection
EndGlobal
