
Microsoft Visual Studio Solution File, Format Version 12.00
# Visual Studio 14
VisualStudioVersion = 14.0.25420.1
MinimumVisualStudioVersion = 10.0.40219.1
Project("{FAE04EC0-301F-11D3-BF4B-00C04F79EFBC}") = "01. Hello, Name!", "01. Hello, Name!\01. Hello, Name!.csproj", "{ACA82573-0E78-4594-8282-8786185DE0B0}"
EndProject
Project("{FAE04EC0-301F-11D3-BF4B-00C04F79EFBC}") = "02. Max Method", "02. Max Method\02. Max Method.csproj", "{611CDAC5-B5D9-47E4-BC73-01ADB274CD44}"
EndProject
Project("{FAE04EC0-301F-11D3-BF4B-00C04F79EFBC}") = "03. English Name оf The Last Digit", "03. English Name оf The Last Digit\03. English Name оf The Last Digit.csproj", "{562FCA57-F96D-4DDB-A2AE-B5366E7E1CF8}"
EndProject
Project("{FAE04EC0-301F-11D3-BF4B-00C04F79EFBC}") = "04. Numbers in Reversed Order", "04. Numbers in Reversed Order\04. Numbers in Reversed Order.csproj", "{A2510D10-A459-4A41-A013-B94BE5822430}"
EndProject
Project("{FAE04EC0-301F-11D3-BF4B-00C04F79EFBC}") = "05. Fibonacci Numbers", "05. Fibonacci Numbers\05. Fibonacci Numbers.csproj", "{958C4692-1C26-404B-9817-E9C03296DD51}"
EndProject
Project("{FAE04EC0-301F-11D3-BF4B-00C04F79EFBC}") = "06. Prime Checker", "06. Prime Checker\06. Prime Checker.csproj", "{3F4060CC-BDF2-4169-89B3-9473FC584FD6}"
EndProject
Project("{FAE04EC0-301F-11D3-BF4B-00C04F79EFBC}") = "07. Primes in Given Range", "07. Primes in Given Range\07. Primes in Given Range.csproj", "{3D7867EE-51B2-4A98-B6A8-DC446CD8E4DA}"
EndProject
Project("{FAE04EC0-301F-11D3-BF4B-00C04F79EFBC}") = "08. Center Point", "08. Center Point\08. Center Point.csproj", "{9F899627-2A2D-439F-8206-5982EE7B8D20}"
EndProject
Project("{FAE04EC0-301F-11D3-BF4B-00C04F79EFBC}") = "09. Longer Line", "09. Longer Line\09. Longer Line.csproj", "{5D0AC2AE-0731-49D3-A816-19D672C1CA23}"
EndProject
Project("{FAE04EC0-301F-11D3-BF4B-00C04F79EFBC}") = "10. Cube Properties", "10. Cube Properties\10. Cube Properties.csproj", "{647188EB-6B98-4CC1-ADB3-C0EC1DA7F377}"
EndProject
Project("{FAE04EC0-301F-11D3-BF4B-00C04F79EFBC}") = "11. Geometry Calculator", "11. Geometry Calculator\11. Geometry Calculator.csproj", "{321AF96E-C71F-425B-A249-A9CD5F9292FE}"
EndProject
Project("{FAE04EC0-301F-11D3-BF4B-00C04F79EFBC}") = "12. Master Numbers", "12. Master Numbers\12. Master Numbers.csproj", "{51EEF907-69C3-4401-ACF9-0E14D43AA6FA}"
EndProject
Project("{FAE04EC0-301F-11D3-BF4B-00C04F79EFBC}") = "13. Factorial", "13. Factorial\13. Factorial.csproj", "{6149B7BD-EAB6-4A3C-B22B-4F7EC758941E}"
EndProject
Project("{FAE04EC0-301F-11D3-BF4B-00C04F79EFBC}") = "14. Factorial Trailing Zeroes", "14. Factorial Trailing Zeroes\14. Factorial Trailing Zeroes.csproj", "{3730B374-A679-4988-9BB2-344C7CB925CE}"
EndProject
Project("{FAE04EC0-301F-11D3-BF4B-00C04F79EFBC}") = "15. Debugging Exercise - Instruction Set", "15. Debugging Exercise - Instruction Set\15. Debugging Exercise - Instruction Set.csproj", "{7B6E0DDE-4C54-4758-9AF1-F1583014CFE3}"
EndProject
Project("{FAE04EC0-301F-11D3-BF4B-00C04F79EFBC}") = "16. Debugging Exercise - Be Positive", "16. Debugging Exercise - Be Positive\16. Debugging Exercise - Be Positive.csproj", "{81F44348-A733-42BA-879C-032DB24169A1}"
EndProject
Project("{FAE04EC0-301F-11D3-BF4B-00C04F79EFBC}") = "18. Debugging Exercise - Substring", "18. Debugging Exercise - Substring\18. Debugging Exercise - Substring.csproj", "{69816985-85A7-41FC-987B-1DC959B939C1}"
EndProject
Project("{FAE04EC0-301F-11D3-BF4B-00C04F79EFBC}") = "17. Debugging -Sequence of Commands", "ConsoleApplication1\17. Debugging -Sequence of Commands.csproj", "{CEA40F62-5755-4567-806F-50B8DB77866B}"
EndProject
Project("{FAE04EC0-301F-11D3-BF4B-00C04F79EFBC}") = "le test", "le test\le test.csproj", "{3B2B26A5-2FB7-40BE-B98C-1D5C60FCBAF8}"
EndProject
Global
	GlobalSection(SolutionConfigurationPlatforms) = preSolution
		Debug|Any CPU = Debug|Any CPU
		Release|Any CPU = Release|Any CPU
	EndGlobalSection
	GlobalSection(ProjectConfigurationPlatforms) = postSolution
		{ACA82573-0E78-4594-8282-8786185DE0B0}.Debug|Any CPU.ActiveCfg = Debug|Any CPU
		{ACA82573-0E78-4594-8282-8786185DE0B0}.Debug|Any CPU.Build.0 = Debug|Any CPU
		{ACA82573-0E78-4594-8282-8786185DE0B0}.Release|Any CPU.ActiveCfg = Release|Any CPU
		{ACA82573-0E78-4594-8282-8786185DE0B0}.Release|Any CPU.Build.0 = Release|Any CPU
		{611CDAC5-B5D9-47E4-BC73-01ADB274CD44}.Debug|Any CPU.ActiveCfg = Debug|Any CPU
		{611CDAC5-B5D9-47E4-BC73-01ADB274CD44}.Debug|Any CPU.Build.0 = Debug|Any CPU
		{611CDAC5-B5D9-47E4-BC73-01ADB274CD44}.Release|Any CPU.ActiveCfg = Release|Any CPU
		{611CDAC5-B5D9-47E4-BC73-01ADB274CD44}.Release|Any CPU.Build.0 = Release|Any CPU
		{562FCA57-F96D-4DDB-A2AE-B5366E7E1CF8}.Debug|Any CPU.ActiveCfg = Debug|Any CPU
		{562FCA57-F96D-4DDB-A2AE-B5366E7E1CF8}.Debug|Any CPU.Build.0 = Debug|Any CPU
		{562FCA57-F96D-4DDB-A2AE-B5366E7E1CF8}.Release|Any CPU.ActiveCfg = Release|Any CPU
		{562FCA57-F96D-4DDB-A2AE-B5366E7E1CF8}.Release|Any CPU.Build.0 = Release|Any CPU
		{A2510D10-A459-4A41-A013-B94BE5822430}.Debug|Any CPU.ActiveCfg = Debug|Any CPU
		{A2510D10-A459-4A41-A013-B94BE5822430}.Debug|Any CPU.Build.0 = Debug|Any CPU
		{A2510D10-A459-4A41-A013-B94BE5822430}.Release|Any CPU.ActiveCfg = Release|Any CPU
		{A2510D10-A459-4A41-A013-B94BE5822430}.Release|Any CPU.Build.0 = Release|Any CPU
		{958C4692-1C26-404B-9817-E9C03296DD51}.Debug|Any CPU.ActiveCfg = Debug|Any CPU
		{958C4692-1C26-404B-9817-E9C03296DD51}.Debug|Any CPU.Build.0 = Debug|Any CPU
		{958C4692-1C26-404B-9817-E9C03296DD51}.Release|Any CPU.ActiveCfg = Release|Any CPU
		{958C4692-1C26-404B-9817-E9C03296DD51}.Release|Any CPU.Build.0 = Release|Any CPU
		{3F4060CC-BDF2-4169-89B3-9473FC584FD6}.Debug|Any CPU.ActiveCfg = Debug|Any CPU
		{3F4060CC-BDF2-4169-89B3-9473FC584FD6}.Debug|Any CPU.Build.0 = Debug|Any CPU
		{3F4060CC-BDF2-4169-89B3-9473FC584FD6}.Release|Any CPU.ActiveCfg = Release|Any CPU
		{3F4060CC-BDF2-4169-89B3-9473FC584FD6}.Release|Any CPU.Build.0 = Release|Any CPU
		{3D7867EE-51B2-4A98-B6A8-DC446CD8E4DA}.Debug|Any CPU.ActiveCfg = Debug|Any CPU
		{3D7867EE-51B2-4A98-B6A8-DC446CD8E4DA}.Debug|Any CPU.Build.0 = Debug|Any CPU
		{3D7867EE-51B2-4A98-B6A8-DC446CD8E4DA}.Release|Any CPU.ActiveCfg = Release|Any CPU
		{3D7867EE-51B2-4A98-B6A8-DC446CD8E4DA}.Release|Any CPU.Build.0 = Release|Any CPU
		{9F899627-2A2D-439F-8206-5982EE7B8D20}.Debug|Any CPU.ActiveCfg = Debug|Any CPU
		{9F899627-2A2D-439F-8206-5982EE7B8D20}.Debug|Any CPU.Build.0 = Debug|Any CPU
		{9F899627-2A2D-439F-8206-5982EE7B8D20}.Release|Any CPU.ActiveCfg = Release|Any CPU
		{9F899627-2A2D-439F-8206-5982EE7B8D20}.Release|Any CPU.Build.0 = Release|Any CPU
		{5D0AC2AE-0731-49D3-A816-19D672C1CA23}.Debug|Any CPU.ActiveCfg = Debug|Any CPU
		{5D0AC2AE-0731-49D3-A816-19D672C1CA23}.Debug|Any CPU.Build.0 = Debug|Any CPU
		{5D0AC2AE-0731-49D3-A816-19D672C1CA23}.Release|Any CPU.ActiveCfg = Release|Any CPU
		{5D0AC2AE-0731-49D3-A816-19D672C1CA23}.Release|Any CPU.Build.0 = Release|Any CPU
		{647188EB-6B98-4CC1-ADB3-C0EC1DA7F377}.Debug|Any CPU.ActiveCfg = Debug|Any CPU
		{647188EB-6B98-4CC1-ADB3-C0EC1DA7F377}.Debug|Any CPU.Build.0 = Debug|Any CPU
		{647188EB-6B98-4CC1-ADB3-C0EC1DA7F377}.Release|Any CPU.ActiveCfg = Release|Any CPU
		{647188EB-6B98-4CC1-ADB3-C0EC1DA7F377}.Release|Any CPU.Build.0 = Release|Any CPU
		{321AF96E-C71F-425B-A249-A9CD5F9292FE}.Debug|Any CPU.ActiveCfg = Debug|Any CPU
		{321AF96E-C71F-425B-A249-A9CD5F9292FE}.Debug|Any CPU.Build.0 = Debug|Any CPU
		{321AF96E-C71F-425B-A249-A9CD5F9292FE}.Release|Any CPU.ActiveCfg = Release|Any CPU
		{321AF96E-C71F-425B-A249-A9CD5F9292FE}.Release|Any CPU.Build.0 = Release|Any CPU
		{51EEF907-69C3-4401-ACF9-0E14D43AA6FA}.Debug|Any CPU.ActiveCfg = Debug|Any CPU
		{51EEF907-69C3-4401-ACF9-0E14D43AA6FA}.Debug|Any CPU.Build.0 = Debug|Any CPU
		{51EEF907-69C3-4401-ACF9-0E14D43AA6FA}.Release|Any CPU.ActiveCfg = Release|Any CPU
		{51EEF907-69C3-4401-ACF9-0E14D43AA6FA}.Release|Any CPU.Build.0 = Release|Any CPU
		{6149B7BD-EAB6-4A3C-B22B-4F7EC758941E}.Debug|Any CPU.ActiveCfg = Debug|Any CPU
		{6149B7BD-EAB6-4A3C-B22B-4F7EC758941E}.Debug|Any CPU.Build.0 = Debug|Any CPU
		{6149B7BD-EAB6-4A3C-B22B-4F7EC758941E}.Release|Any CPU.ActiveCfg = Release|Any CPU
		{6149B7BD-EAB6-4A3C-B22B-4F7EC758941E}.Release|Any CPU.Build.0 = Release|Any CPU
		{3730B374-A679-4988-9BB2-344C7CB925CE}.Debug|Any CPU.ActiveCfg = Debug|Any CPU
		{3730B374-A679-4988-9BB2-344C7CB925CE}.Debug|Any CPU.Build.0 = Debug|Any CPU
		{3730B374-A679-4988-9BB2-344C7CB925CE}.Release|Any CPU.ActiveCfg = Release|Any CPU
		{3730B374-A679-4988-9BB2-344C7CB925CE}.Release|Any CPU.Build.0 = Release|Any CPU
		{7B6E0DDE-4C54-4758-9AF1-F1583014CFE3}.Debug|Any CPU.ActiveCfg = Debug|Any CPU
		{7B6E0DDE-4C54-4758-9AF1-F1583014CFE3}.Debug|Any CPU.Build.0 = Debug|Any CPU
		{7B6E0DDE-4C54-4758-9AF1-F1583014CFE3}.Release|Any CPU.ActiveCfg = Release|Any CPU
		{7B6E0DDE-4C54-4758-9AF1-F1583014CFE3}.Release|Any CPU.Build.0 = Release|Any CPU
		{81F44348-A733-42BA-879C-032DB24169A1}.Debug|Any CPU.ActiveCfg = Debug|Any CPU
		{81F44348-A733-42BA-879C-032DB24169A1}.Debug|Any CPU.Build.0 = Debug|Any CPU
		{81F44348-A733-42BA-879C-032DB24169A1}.Release|Any CPU.ActiveCfg = Release|Any CPU
		{81F44348-A733-42BA-879C-032DB24169A1}.Release|Any CPU.Build.0 = Release|Any CPU
		{69816985-85A7-41FC-987B-1DC959B939C1}.Debug|Any CPU.ActiveCfg = Debug|Any CPU
		{69816985-85A7-41FC-987B-1DC959B939C1}.Debug|Any CPU.Build.0 = Debug|Any CPU
		{69816985-85A7-41FC-987B-1DC959B939C1}.Release|Any CPU.ActiveCfg = Release|Any CPU
		{69816985-85A7-41FC-987B-1DC959B939C1}.Release|Any CPU.Build.0 = Release|Any CPU
		{CEA40F62-5755-4567-806F-50B8DB77866B}.Debug|Any CPU.ActiveCfg = Debug|Any CPU
		{CEA40F62-5755-4567-806F-50B8DB77866B}.Debug|Any CPU.Build.0 = Debug|Any CPU
		{CEA40F62-5755-4567-806F-50B8DB77866B}.Release|Any CPU.ActiveCfg = Release|Any CPU
		{CEA40F62-5755-4567-806F-50B8DB77866B}.Release|Any CPU.Build.0 = Release|Any CPU
		{3B2B26A5-2FB7-40BE-B98C-1D5C60FCBAF8}.Debug|Any CPU.ActiveCfg = Debug|Any CPU
		{3B2B26A5-2FB7-40BE-B98C-1D5C60FCBAF8}.Debug|Any CPU.Build.0 = Debug|Any CPU
		{3B2B26A5-2FB7-40BE-B98C-1D5C60FCBAF8}.Release|Any CPU.ActiveCfg = Release|Any CPU
		{3B2B26A5-2FB7-40BE-B98C-1D5C60FCBAF8}.Release|Any CPU.Build.0 = Release|Any CPU
	EndGlobalSection
	GlobalSection(SolutionProperties) = preSolution
		HideSolutionNode = FALSE
	EndGlobalSection
EndGlobal
