
Microsoft Visual Studio Solution File, Format Version 12.00
# Visual Studio Version 16
VisualStudioVersion = 16.0.29102.190
MinimumVisualStudioVersion = 10.0.40219.1
Project("{FAE04EC0-301F-11D3-BF4B-00C04F79EFBC}") = "CameraBazaar2", "CameraBazaar2\CameraBazaar2.csproj", "{3C30EC7C-8061-4ED9-827E-29715B4A4BA8}"
EndProject
Project("{FAE04EC0-301F-11D3-BF4B-00C04F79EFBC}") = "CameraBazaar2.Common", "CameraBazaar2.Common\CameraBazaar2.Common.csproj", "{257F7844-919F-4208-AD7C-A28C4E634794}"
EndProject
Project("{FAE04EC0-301F-11D3-BF4B-00C04F79EFBC}") = "CameraBazaar2.Data", "CameraBazaar2.Data\CameraBazaar2.Data.csproj", "{6C1AB3D1-2FDE-450F-B92C-68A23C6A6F68}"
EndProject
Project("{FAE04EC0-301F-11D3-BF4B-00C04F79EFBC}") = "CameraBazaar2.Models", "CameraBazaar2.Models\CameraBazaar2.Models.csproj", "{D418A948-1340-4516-B9B4-37C3E9448029}"
EndProject
Project("{FAE04EC0-301F-11D3-BF4B-00C04F79EFBC}") = "CameraBazaar2.Services", "CameraBazaar2.Services\CameraBazaar2.Services.csproj", "{2141D8A3-23AE-4779-AF20-57AC0F6EC1A4}"
EndProject
Global
	GlobalSection(SolutionConfigurationPlatforms) = preSolution
		Debug|Any CPU = Debug|Any CPU
		Release|Any CPU = Release|Any CPU
	EndGlobalSection
	GlobalSection(ProjectConfigurationPlatforms) = postSolution
		{3C30EC7C-8061-4ED9-827E-29715B4A4BA8}.Debug|Any CPU.ActiveCfg = Debug|Any CPU
		{3C30EC7C-8061-4ED9-827E-29715B4A4BA8}.Debug|Any CPU.Build.0 = Debug|Any CPU
		{3C30EC7C-8061-4ED9-827E-29715B4A4BA8}.Release|Any CPU.ActiveCfg = Release|Any CPU
		{3C30EC7C-8061-4ED9-827E-29715B4A4BA8}.Release|Any CPU.Build.0 = Release|Any CPU
		{257F7844-919F-4208-AD7C-A28C4E634794}.Debug|Any CPU.ActiveCfg = Debug|Any CPU
		{257F7844-919F-4208-AD7C-A28C4E634794}.Debug|Any CPU.Build.0 = Debug|Any CPU
		{257F7844-919F-4208-AD7C-A28C4E634794}.Release|Any CPU.ActiveCfg = Release|Any CPU
		{257F7844-919F-4208-AD7C-A28C4E634794}.Release|Any CPU.Build.0 = Release|Any CPU
		{6C1AB3D1-2FDE-450F-B92C-68A23C6A6F68}.Debug|Any CPU.ActiveCfg = Debug|Any CPU
		{6C1AB3D1-2FDE-450F-B92C-68A23C6A6F68}.Debug|Any CPU.Build.0 = Debug|Any CPU
		{6C1AB3D1-2FDE-450F-B92C-68A23C6A6F68}.Release|Any CPU.ActiveCfg = Release|Any CPU
		{6C1AB3D1-2FDE-450F-B92C-68A23C6A6F68}.Release|Any CPU.Build.0 = Release|Any CPU
		{D418A948-1340-4516-B9B4-37C3E9448029}.Debug|Any CPU.ActiveCfg = Debug|Any CPU
		{D418A948-1340-4516-B9B4-37C3E9448029}.Debug|Any CPU.Build.0 = Debug|Any CPU
		{D418A948-1340-4516-B9B4-37C3E9448029}.Release|Any CPU.ActiveCfg = Release|Any CPU
		{D418A948-1340-4516-B9B4-37C3E9448029}.Release|Any CPU.Build.0 = Release|Any CPU
		{2141D8A3-23AE-4779-AF20-57AC0F6EC1A4}.Debug|Any CPU.ActiveCfg = Debug|Any CPU
		{2141D8A3-23AE-4779-AF20-57AC0F6EC1A4}.Debug|Any CPU.Build.0 = Debug|Any CPU
		{2141D8A3-23AE-4779-AF20-57AC0F6EC1A4}.Release|Any CPU.ActiveCfg = Release|Any CPU
		{2141D8A3-23AE-4779-AF20-57AC0F6EC1A4}.Release|Any CPU.Build.0 = Release|Any CPU
	EndGlobalSection
	GlobalSection(SolutionProperties) = preSolution
		HideSolutionNode = FALSE
	EndGlobalSection
	GlobalSection(ExtensibilityGlobals) = postSolution
		SolutionGuid = {A848C4E4-2AF3-4A3A-8A39-F4BE8235EE5D}
	EndGlobalSection
EndGlobal
