
Microsoft Visual Studio Solution File, Format Version 12.00
# Visual Studio 14
VisualStudioVersion = 14.0.25420.1
MinimumVisualStudioVersion = 10.0.40219.1
Project("{FAE04EC0-301F-11D3-BF4B-00C04F79EFBC}") = "01. Last 3 Consecutive Equal Strings", "01. Last 3 Consecutive Equal Strings\01. Last 3 Consecutive Equal Strings.csproj", "{39A88672-6ABC-4731-9542-DB36ABD3E806}"
EndProject
Project("{FAE04EC0-301F-11D3-BF4B-00C04F79EFBC}") = "02. Array Elements Equal to Their Index", "02. Array Elements Equal to Their Index\02. Array Elements Equal to Their Index.csproj", "{FD95DD46-D23E-4BF8-9591-5E46A29D357F}"
EndProject
Project("{FAE04EC0-301F-11D3-BF4B-00C04F79EFBC}") = "03. Phonebook", "03. Phonebook\03. Phonebook.csproj", "{B7237EF8-ED90-4FCA-9FB6-1C1C0121A783}"
EndProject
Project("{FAE04EC0-301F-11D3-BF4B-00C04F79EFBC}") = "07. Resizable Array", "07. Resizable Array\07. Resizable Array.csproj", "{F8910596-63C1-4768-A1DA-1E691108F73B}"
EndProject
Project("{FAE04EC0-301F-11D3-BF4B-00C04F79EFBC}") = "05. Char Rotation", "05. Char Rotation\05. Char Rotation.csproj", "{FF7109B8-26DC-49B6-8E85-A31BD1A8A599}"
EndProject
Global
	GlobalSection(SolutionConfigurationPlatforms) = preSolution
		Debug|Any CPU = Debug|Any CPU
		Release|Any CPU = Release|Any CPU
	EndGlobalSection
	GlobalSection(ProjectConfigurationPlatforms) = postSolution
		{39A88672-6ABC-4731-9542-DB36ABD3E806}.Debug|Any CPU.ActiveCfg = Debug|Any CPU
		{39A88672-6ABC-4731-9542-DB36ABD3E806}.Debug|Any CPU.Build.0 = Debug|Any CPU
		{39A88672-6ABC-4731-9542-DB36ABD3E806}.Release|Any CPU.ActiveCfg = Release|Any CPU
		{39A88672-6ABC-4731-9542-DB36ABD3E806}.Release|Any CPU.Build.0 = Release|Any CPU
		{FD95DD46-D23E-4BF8-9591-5E46A29D357F}.Debug|Any CPU.ActiveCfg = Debug|Any CPU
		{FD95DD46-D23E-4BF8-9591-5E46A29D357F}.Debug|Any CPU.Build.0 = Debug|Any CPU
		{FD95DD46-D23E-4BF8-9591-5E46A29D357F}.Release|Any CPU.ActiveCfg = Release|Any CPU
		{FD95DD46-D23E-4BF8-9591-5E46A29D357F}.Release|Any CPU.Build.0 = Release|Any CPU
		{B7237EF8-ED90-4FCA-9FB6-1C1C0121A783}.Debug|Any CPU.ActiveCfg = Debug|Any CPU
		{B7237EF8-ED90-4FCA-9FB6-1C1C0121A783}.Debug|Any CPU.Build.0 = Debug|Any CPU
		{B7237EF8-ED90-4FCA-9FB6-1C1C0121A783}.Release|Any CPU.ActiveCfg = Release|Any CPU
		{B7237EF8-ED90-4FCA-9FB6-1C1C0121A783}.Release|Any CPU.Build.0 = Release|Any CPU
		{F8910596-63C1-4768-A1DA-1E691108F73B}.Debug|Any CPU.ActiveCfg = Debug|Any CPU
		{F8910596-63C1-4768-A1DA-1E691108F73B}.Debug|Any CPU.Build.0 = Debug|Any CPU
		{F8910596-63C1-4768-A1DA-1E691108F73B}.Release|Any CPU.ActiveCfg = Release|Any CPU
		{F8910596-63C1-4768-A1DA-1E691108F73B}.Release|Any CPU.Build.0 = Release|Any CPU
		{FF7109B8-26DC-49B6-8E85-A31BD1A8A599}.Debug|Any CPU.ActiveCfg = Debug|Any CPU
		{FF7109B8-26DC-49B6-8E85-A31BD1A8A599}.Debug|Any CPU.Build.0 = Debug|Any CPU
		{FF7109B8-26DC-49B6-8E85-A31BD1A8A599}.Release|Any CPU.ActiveCfg = Release|Any CPU
		{FF7109B8-26DC-49B6-8E85-A31BD1A8A599}.Release|Any CPU.Build.0 = Release|Any CPU
	EndGlobalSection
	GlobalSection(SolutionProperties) = preSolution
		HideSolutionNode = FALSE
	EndGlobalSection
EndGlobal
