
Microsoft Visual Studio Solution File, Format Version 12.00
# Visual Studio 14
VisualStudioVersion = 14.0.25420.1
MinimumVisualStudioVersion = 10.0.40219.1
Project("{FAE04EC0-301F-11D3-BF4B-00C04F79EFBC}") = "01. Charity Marathon", "01. Charity Marathon\01. Charity Marathon.csproj", "{46C0EFB5-80C9-45D5-B45E-B5E46A322188}"
EndProject
Project("{FAE04EC0-301F-11D3-BF4B-00C04F79EFBC}") = "02. Ladybugs", "02. Ladybugs\02. Ladybugs.csproj", "{C71EA69D-92A8-45F6-8F0D-4011BFBBF56F}"
EndProject
Project("{FAE04EC0-301F-11D3-BF4B-00C04F79EFBC}") = "03. Nether Realms", "03. Nether Realms\03. Nether Realms.csproj", "{A502B4F0-7835-4912-AEEE-1F51C8DB869F}"
EndProject
Project("{FAE04EC0-301F-11D3-BF4B-00C04F79EFBC}") = "04. Roli The Coder", "04. Roli The Coder\04. Roli The Coder.csproj", "{77E7B80D-5919-49A4-902F-909ED7910D90}"
EndProject
Project("{FAE04EC0-301F-11D3-BF4B-00C04F79EFBC}") = "practice", "practice\practice.csproj", "{25AC473F-249D-4B7A-817D-B60B4121B175}"
EndProject
Project("{FAE04EC0-301F-11D3-BF4B-00C04F79EFBC}") = "03", "03\03.csproj", "{763B2A87-7B5E-4D81-804B-C8CF24A27790}"
EndProject
Global
	GlobalSection(SolutionConfigurationPlatforms) = preSolution
		Debug|Any CPU = Debug|Any CPU
		Release|Any CPU = Release|Any CPU
	EndGlobalSection
	GlobalSection(ProjectConfigurationPlatforms) = postSolution
		{46C0EFB5-80C9-45D5-B45E-B5E46A322188}.Debug|Any CPU.ActiveCfg = Debug|Any CPU
		{46C0EFB5-80C9-45D5-B45E-B5E46A322188}.Debug|Any CPU.Build.0 = Debug|Any CPU
		{46C0EFB5-80C9-45D5-B45E-B5E46A322188}.Release|Any CPU.ActiveCfg = Release|Any CPU
		{46C0EFB5-80C9-45D5-B45E-B5E46A322188}.Release|Any CPU.Build.0 = Release|Any CPU
		{C71EA69D-92A8-45F6-8F0D-4011BFBBF56F}.Debug|Any CPU.ActiveCfg = Debug|Any CPU
		{C71EA69D-92A8-45F6-8F0D-4011BFBBF56F}.Debug|Any CPU.Build.0 = Debug|Any CPU
		{C71EA69D-92A8-45F6-8F0D-4011BFBBF56F}.Release|Any CPU.ActiveCfg = Release|Any CPU
		{C71EA69D-92A8-45F6-8F0D-4011BFBBF56F}.Release|Any CPU.Build.0 = Release|Any CPU
		{A502B4F0-7835-4912-AEEE-1F51C8DB869F}.Debug|Any CPU.ActiveCfg = Debug|Any CPU
		{A502B4F0-7835-4912-AEEE-1F51C8DB869F}.Debug|Any CPU.Build.0 = Debug|Any CPU
		{A502B4F0-7835-4912-AEEE-1F51C8DB869F}.Release|Any CPU.ActiveCfg = Release|Any CPU
		{A502B4F0-7835-4912-AEEE-1F51C8DB869F}.Release|Any CPU.Build.0 = Release|Any CPU
		{77E7B80D-5919-49A4-902F-909ED7910D90}.Debug|Any CPU.ActiveCfg = Debug|Any CPU
		{77E7B80D-5919-49A4-902F-909ED7910D90}.Debug|Any CPU.Build.0 = Debug|Any CPU
		{77E7B80D-5919-49A4-902F-909ED7910D90}.Release|Any CPU.ActiveCfg = Release|Any CPU
		{77E7B80D-5919-49A4-902F-909ED7910D90}.Release|Any CPU.Build.0 = Release|Any CPU
		{25AC473F-249D-4B7A-817D-B60B4121B175}.Debug|Any CPU.ActiveCfg = Debug|Any CPU
		{25AC473F-249D-4B7A-817D-B60B4121B175}.Debug|Any CPU.Build.0 = Debug|Any CPU
		{25AC473F-249D-4B7A-817D-B60B4121B175}.Release|Any CPU.ActiveCfg = Release|Any CPU
		{25AC473F-249D-4B7A-817D-B60B4121B175}.Release|Any CPU.Build.0 = Release|Any CPU
		{763B2A87-7B5E-4D81-804B-C8CF24A27790}.Debug|Any CPU.ActiveCfg = Debug|Any CPU
		{763B2A87-7B5E-4D81-804B-C8CF24A27790}.Debug|Any CPU.Build.0 = Debug|Any CPU
		{763B2A87-7B5E-4D81-804B-C8CF24A27790}.Release|Any CPU.ActiveCfg = Release|Any CPU
		{763B2A87-7B5E-4D81-804B-C8CF24A27790}.Release|Any CPU.Build.0 = Release|Any CPU
	EndGlobalSection
	GlobalSection(SolutionProperties) = preSolution
		HideSolutionNode = FALSE
	EndGlobalSection
EndGlobal
